// !$*UTF8*$!
{
	archiveVersion = 1;
	classes = {
	};
	objectVersion = 50;
	objects = {

/* Begin PBXBuildFile section */
		8ABE081E22D9BDEC00418157 /* User.swift in Sources */ = {isa = PBXBuildFile; fileRef = 8ABE081D22D9BDEC00418157 /* User.swift */; };
		8ABE082122D9C63B00418157 /* CoreDataModel.xcdatamodeld in Sources */ = {isa = PBXBuildFile; fileRef = 8ABE081F22D9C63B00418157 /* CoreDataModel.xcdatamodeld */; };
		8ABE082322D9C7C800418157 /* UserDefault.swift in Sources */ = {isa = PBXBuildFile; fileRef = 8ABE082222D9C7C800418157 /* UserDefault.swift */; };
		8ABE082522D9C80700418157 /* Plist.swift in Sources */ = {isa = PBXBuildFile; fileRef = 8ABE082422D9C80700418157 /* Plist.swift */; };
		8ABE082822D9C88A00418157 /* Archiver.swift in Sources */ = {isa = PBXBuildFile; fileRef = 8ABE082722D9C88A00418157 /* Archiver.swift */; };
		8AE6EE2B22D8CD15005E1458 /* AppDelegate.swift in Sources */ = {isa = PBXBuildFile; fileRef = 8AE6EE2A22D8CD15005E1458 /* AppDelegate.swift */; };
		8AE6EE2D22D8CD15005E1458 /* ViewController.swift in Sources */ = {isa = PBXBuildFile; fileRef = 8AE6EE2C22D8CD15005E1458 /* ViewController.swift */; };
		8AE6EE3022D8CD15005E1458 /* Main.storyboard in Resources */ = {isa = PBXBuildFile; fileRef = 8AE6EE2E22D8CD15005E1458 /* Main.storyboard */; };
		8AE6EE3222D8CD16005E1458 /* Assets.xcassets in Resources */ = {isa = PBXBuildFile; fileRef = 8AE6EE3122D8CD16005E1458 /* Assets.xcassets */; };
		8AE6EE3522D8CD16005E1458 /* LaunchScreen.storyboard in Resources */ = {isa = PBXBuildFile; fileRef = 8AE6EE3322D8CD16005E1458 /* LaunchScreen.storyboard */; };
		8AE6EE4422D8E924005E1458 /* AppDelegate.swift in Sources */ = {isa = PBXBuildFile; fileRef = 8AE6EE4322D8E924005E1458 /* AppDelegate.swift */; };
		8AE6EE4622D8E924005E1458 /* ViewController.swift in Sources */ = {isa = PBXBuildFile; fileRef = 8AE6EE4522D8E924005E1458 /* ViewController.swift */; };
		8AE6EE4922D8E924005E1458 /* Main.storyboard in Resources */ = {isa = PBXBuildFile; fileRef = 8AE6EE4722D8E924005E1458 /* Main.storyboard */; };
		8AE6EE4B22D8E925005E1458 /* Assets.xcassets in Resources */ = {isa = PBXBuildFile; fileRef = 8AE6EE4A22D8E925005E1458 /* Assets.xcassets */; };
		8AE6EE4E22D8E925005E1458 /* LaunchScreen.storyboard in Resources */ = {isa = PBXBuildFile; fileRef = 8AE6EE4C22D8E925005E1458 /* LaunchScreen.storyboard */; };
		8AE6EE5B22D8EBF3005E1458 /* AppDelegate.swift in Sources */ = {isa = PBXBuildFile; fileRef = 8AE6EE5A22D8EBF3005E1458 /* AppDelegate.swift */; };
		8AE6EE5D22D8EBF3005E1458 /* ViewController.swift in Sources */ = {isa = PBXBuildFile; fileRef = 8AE6EE5C22D8EBF3005E1458 /* ViewController.swift */; };
		8AE6EE6022D8EBF3005E1458 /* Main.storyboard in Resources */ = {isa = PBXBuildFile; fileRef = 8AE6EE5E22D8EBF3005E1458 /* Main.storyboard */; };
		8AE6EE6222D8EBF4005E1458 /* Assets.xcassets in Resources */ = {isa = PBXBuildFile; fileRef = 8AE6EE6122D8EBF4005E1458 /* Assets.xcassets */; };
		8AE6EE6522D8EBF4005E1458 /* LaunchScreen.storyboard in Resources */ = {isa = PBXBuildFile; fileRef = 8AE6EE6322D8EBF4005E1458 /* LaunchScreen.storyboard */; };
/* End PBXBuildFile section */

/* Begin PBXFileReference section */
		8ABE081D22D9BDEC00418157 /* User.swift */ = {isa = PBXFileReference; lastKnownFileType = sourcecode.swift; path = User.swift; sourceTree = "<group>"; };
		8ABE082022D9C63B00418157 /* User.xcdatamodel */ = {isa = PBXFileReference; lastKnownFileType = wrapper.xcdatamodel; path = User.xcdatamodel; sourceTree = "<group>"; };
		8ABE082222D9C7C800418157 /* UserDefault.swift */ = {isa = PBXFileReference; lastKnownFileType = sourcecode.swift; path = UserDefault.swift; sourceTree = "<group>"; };
		8ABE082422D9C80700418157 /* Plist.swift */ = {isa = PBXFileReference; lastKnownFileType = sourcecode.swift; path = Plist.swift; sourceTree = "<group>"; };
		8ABE082722D9C88A00418157 /* Archiver.swift */ = {isa = PBXFileReference; lastKnownFileType = sourcecode.swift; path = Archiver.swift; sourceTree = "<group>"; };
		8AE6EE2722D8CD15005E1458 /* IOS-Example.app */ = {isa = PBXFileReference; explicitFileType = wrapper.application; includeInIndex = 0; path = "IOS-Example.app"; sourceTree = BUILT_PRODUCTS_DIR; };
		8AE6EE2A22D8CD15005E1458 /* AppDelegate.swift */ = {isa = PBXFileReference; lastKnownFileType = sourcecode.swift; path = AppDelegate.swift; sourceTree = "<group>"; };
		8AE6EE2C22D8CD15005E1458 /* ViewController.swift */ = {isa = PBXFileReference; lastKnownFileType = sourcecode.swift; path = ViewController.swift; sourceTree = "<group>"; };
		8AE6EE2F22D8CD15005E1458 /* Base */ = {isa = PBXFileReference; lastKnownFileType = file.storyboard; name = Base; path = Base.lproj/Main.storyboard; sourceTree = "<group>"; };
		8AE6EE3122D8CD16005E1458 /* Assets.xcassets */ = {isa = PBXFileReference; lastKnownFileType = folder.assetcatalog; path = Assets.xcassets; sourceTree = "<group>"; };
		8AE6EE3422D8CD16005E1458 /* Base */ = {isa = PBXFileReference; lastKnownFileType = file.storyboard; name = Base; path = Base.lproj/LaunchScreen.storyboard; sourceTree = "<group>"; };
		8AE6EE3622D8CD16005E1458 /* Info.plist */ = {isa = PBXFileReference; lastKnownFileType = text.plist.xml; path = Info.plist; sourceTree = "<group>"; };
		8AE6EE4122D8E924005E1458 /* Permission.app */ = {isa = PBXFileReference; explicitFileType = wrapper.application; includeInIndex = 0; path = Permission.app; sourceTree = BUILT_PRODUCTS_DIR; };
		8AE6EE4322D8E924005E1458 /* AppDelegate.swift */ = {isa = PBXFileReference; lastKnownFileType = sourcecode.swift; path = AppDelegate.swift; sourceTree = "<group>"; };
		8AE6EE4522D8E924005E1458 /* ViewController.swift */ = {isa = PBXFileReference; lastKnownFileType = sourcecode.swift; path = ViewController.swift; sourceTree = "<group>"; };
		8AE6EE4822D8E924005E1458 /* Base */ = {isa = PBXFileReference; lastKnownFileType = file.storyboard; name = Base; path = Base.lproj/Main.storyboard; sourceTree = "<group>"; };
		8AE6EE4A22D8E925005E1458 /* Assets.xcassets */ = {isa = PBXFileReference; lastKnownFileType = folder.assetcatalog; path = Assets.xcassets; sourceTree = "<group>"; };
		8AE6EE4D22D8E925005E1458 /* Base */ = {isa = PBXFileReference; lastKnownFileType = file.storyboard; name = Base; path = Base.lproj/LaunchScreen.storyboard; sourceTree = "<group>"; };
		8AE6EE4F22D8E925005E1458 /* Info.plist */ = {isa = PBXFileReference; lastKnownFileType = text.plist.xml; path = Info.plist; sourceTree = "<group>"; };
		8AE6EE5322D8E9C0005E1458 /* Permission.entitlements */ = {isa = PBXFileReference; lastKnownFileType = text.plist.entitlements; path = Permission.entitlements; sourceTree = "<group>"; };
		8AE6EE5822D8EBF3005E1458 /* Persistence.app */ = {isa = PBXFileReference; explicitFileType = wrapper.application; includeInIndex = 0; path = Persistence.app; sourceTree = BUILT_PRODUCTS_DIR; };
		8AE6EE5A22D8EBF3005E1458 /* AppDelegate.swift */ = {isa = PBXFileReference; lastKnownFileType = sourcecode.swift; path = AppDelegate.swift; sourceTree = "<group>"; };
		8AE6EE5C22D8EBF3005E1458 /* ViewController.swift */ = {isa = PBXFileReference; lastKnownFileType = sourcecode.swift; path = ViewController.swift; sourceTree = "<group>"; };
		8AE6EE5F22D8EBF3005E1458 /* Base */ = {isa = PBXFileReference; lastKnownFileType = file.storyboard; name = Base; path = Base.lproj/Main.storyboard; sourceTree = "<group>"; };
		8AE6EE6122D8EBF4005E1458 /* Assets.xcassets */ = {isa = PBXFileReference; lastKnownFileType = folder.assetcatalog; path = Assets.xcassets; sourceTree = "<group>"; };
		8AE6EE6422D8EBF4005E1458 /* Base */ = {isa = PBXFileReference; lastKnownFileType = file.storyboard; name = Base; path = Base.lproj/LaunchScreen.storyboard; sourceTree = "<group>"; };
		8AE6EE6622D8EBF4005E1458 /* Info.plist */ = {isa = PBXFileReference; lastKnownFileType = text.plist.xml; path = Info.plist; sourceTree = "<group>"; };
/* End PBXFileReference section */

/* Begin PBXFrameworksBuildPhase section */
		8AE6EE2422D8CD15005E1458 /* Frameworks */ = {
			isa = PBXFrameworksBuildPhase;
			buildActionMask = 2147483647;
			files = (
			);
			runOnlyForDeploymentPostprocessing = 0;
		};
		8AE6EE3E22D8E924005E1458 /* Frameworks */ = {
			isa = PBXFrameworksBuildPhase;
			buildActionMask = 2147483647;
			files = (
			);
			runOnlyForDeploymentPostprocessing = 0;
		};
		8AE6EE5522D8EBF3005E1458 /* Frameworks */ = {
			isa = PBXFrameworksBuildPhase;
			buildActionMask = 2147483647;
			files = (
			);
			runOnlyForDeploymentPostprocessing = 0;
		};
/* End PBXFrameworksBuildPhase section */

/* Begin PBXGroup section */
		8ABE082622D9C83E00418157 /* Example */ = {
			isa = PBXGroup;
			children = (
				8ABE082222D9C7C800418157 /* UserDefault.swift */,
				8ABE082422D9C80700418157 /* Plist.swift */,
				8ABE082722D9C88A00418157 /* Archiver.swift */,
			);
			path = Example;
			sourceTree = "<group>";
		};
		8AE6EE1E22D8CD15005E1458 = {
			isa = PBXGroup;
			children = (
				8AE6EE2922D8CD15005E1458 /* IOS-Example */,
				8AE6EE4222D8E924005E1458 /* Permission */,
				8AE6EE5922D8EBF3005E1458 /* Persistence */,
				8AE6EE2822D8CD15005E1458 /* Products */,
			);
			sourceTree = "<group>";
		};
		8AE6EE2822D8CD15005E1458 /* Products */ = {
			isa = PBXGroup;
			children = (
				8AE6EE2722D8CD15005E1458 /* IOS-Example.app */,
				8AE6EE4122D8E924005E1458 /* Permission.app */,
				8AE6EE5822D8EBF3005E1458 /* Persistence.app */,
			);
			name = Products;
			sourceTree = "<group>";
		};
		8AE6EE2922D8CD15005E1458 /* IOS-Example */ = {
			isa = PBXGroup;
			children = (
				8AE6EE2A22D8CD15005E1458 /* AppDelegate.swift */,
				8AE6EE2C22D8CD15005E1458 /* ViewController.swift */,
				8AE6EE2E22D8CD15005E1458 /* Main.storyboard */,
				8AE6EE3122D8CD16005E1458 /* Assets.xcassets */,
				8AE6EE3322D8CD16005E1458 /* LaunchScreen.storyboard */,
				8AE6EE3622D8CD16005E1458 /* Info.plist */,
			);
			path = "IOS-Example";
			sourceTree = "<group>";
		};
		8AE6EE4222D8E924005E1458 /* Permission */ = {
			isa = PBXGroup;
			children = (
				8AE6EE5322D8E9C0005E1458 /* Permission.entitlements */,
				8AE6EE4322D8E924005E1458 /* AppDelegate.swift */,
				8AE6EE4522D8E924005E1458 /* ViewController.swift */,
				8AE6EE4722D8E924005E1458 /* Main.storyboard */,
				8AE6EE4A22D8E925005E1458 /* Assets.xcassets */,
				8AE6EE4C22D8E925005E1458 /* LaunchScreen.storyboard */,
				8AE6EE4F22D8E925005E1458 /* Info.plist */,
			);
			path = Permission;
			sourceTree = "<group>";
		};
		8AE6EE5922D8EBF3005E1458 /* Persistence */ = {
			isa = PBXGroup;
			children = (
				8ABE082622D9C83E00418157 /* Example */,
				8AE6EE5A22D8EBF3005E1458 /* AppDelegate.swift */,
				8AE6EE5C22D8EBF3005E1458 /* ViewController.swift */,
				8AE6EE5E22D8EBF3005E1458 /* Main.storyboard */,
				8AE6EE6122D8EBF4005E1458 /* Assets.xcassets */,
				8AE6EE6322D8EBF4005E1458 /* LaunchScreen.storyboard */,
				8AE6EE6622D8EBF4005E1458 /* Info.plist */,
				8ABE081D22D9BDEC00418157 /* User.swift */,
				8ABE081F22D9C63B00418157 /* CoreDataModel.xcdatamodeld */,
			);
			path = Persistence;
			sourceTree = "<group>";
		};
/* End PBXGroup section */

/* Begin PBXNativeTarget section */
		8AE6EE2622D8CD15005E1458 /* IOS-Example */ = {
			isa = PBXNativeTarget;
			buildConfigurationList = 8AE6EE3922D8CD16005E1458 /* Build configuration list for PBXNativeTarget "IOS-Example" */;
			buildPhases = (
				8AE6EE2322D8CD15005E1458 /* Sources */,
				8AE6EE2422D8CD15005E1458 /* Frameworks */,
				8AE6EE2522D8CD15005E1458 /* Resources */,
			);
			buildRules = (
			);
			dependencies = (
			);
			name = "IOS-Example";
			productName = "IOS-Example";
			productReference = 8AE6EE2722D8CD15005E1458 /* IOS-Example.app */;
			productType = "com.apple.product-type.application";
		};
		8AE6EE4022D8E924005E1458 /* Permission */ = {
			isa = PBXNativeTarget;
			buildConfigurationList = 8AE6EE5022D8E925005E1458 /* Build configuration list for PBXNativeTarget "Permission" */;
			buildPhases = (
				8AE6EE3D22D8E924005E1458 /* Sources */,
				8AE6EE3E22D8E924005E1458 /* Frameworks */,
				8AE6EE3F22D8E924005E1458 /* Resources */,
			);
			buildRules = (
			);
			dependencies = (
			);
			name = Permission;
			productName = Permission;
			productReference = 8AE6EE4122D8E924005E1458 /* Permission.app */;
			productType = "com.apple.product-type.application";
		};
		8AE6EE5722D8EBF3005E1458 /* Persistence */ = {
			isa = PBXNativeTarget;
			buildConfigurationList = 8AE6EE6922D8EBF4005E1458 /* Build configuration list for PBXNativeTarget "Persistence" */;
			buildPhases = (
				8AE6EE5422D8EBF3005E1458 /* Sources */,
				8AE6EE5522D8EBF3005E1458 /* Frameworks */,
				8AE6EE5622D8EBF3005E1458 /* Resources */,
			);
			buildRules = (
			);
			dependencies = (
			);
			name = Persistence;
			productName = Persistence;
			productReference = 8AE6EE5822D8EBF3005E1458 /* Persistence.app */;
			productType = "com.apple.product-type.application";
		};
/* End PBXNativeTarget section */

/* Begin PBXProject section */
		8AE6EE1F22D8CD15005E1458 /* Project object */ = {
			isa = PBXProject;
			attributes = {
				LastSwiftUpdateCheck = 1020;
				LastUpgradeCheck = 1020;
				ORGANIZATIONNAME = none;
				TargetAttributes = {
					8AE6EE2622D8CD15005E1458 = {
						CreatedOnToolsVersion = 10.2.1;
						SystemCapabilities = {
							com.apple.Siri = {
								enabled = 0;
							};
						};
					};
					8AE6EE4022D8E924005E1458 = {
						CreatedOnToolsVersion = 10.2.1;
						SystemCapabilities = {
							com.apple.Siri = {
								enabled = 1;
							};
						};
					};
					8AE6EE5722D8EBF3005E1458 = {
						CreatedOnToolsVersion = 10.2.1;
					};
				};
			};
			buildConfigurationList = 8AE6EE2222D8CD15005E1458 /* Build configuration list for PBXProject "IOS-Example" */;
			compatibilityVersion = "Xcode 9.3";
			developmentRegion = en;
			hasScannedForEncodings = 0;
			knownRegions = (
				en,
				Base,
			);
			mainGroup = 8AE6EE1E22D8CD15005E1458;
			productRefGroup = 8AE6EE2822D8CD15005E1458 /* Products */;
			projectDirPath = "";
			projectRoot = "";
			targets = (
				8AE6EE2622D8CD15005E1458 /* IOS-Example */,
				8AE6EE4022D8E924005E1458 /* Permission */,
				8AE6EE5722D8EBF3005E1458 /* Persistence */,
			);
		};
/* End PBXProject section */

/* Begin PBXResourcesBuildPhase section */
		8AE6EE2522D8CD15005E1458 /* Resources */ = {
			isa = PBXResourcesBuildPhase;
			buildActionMask = 2147483647;
			files = (
				8AE6EE3522D8CD16005E1458 /* LaunchScreen.storyboard in Resources */,
				8AE6EE3222D8CD16005E1458 /* Assets.xcassets in Resources */,
				8AE6EE3022D8CD15005E1458 /* Main.storyboard in Resources */,
			);
			runOnlyForDeploymentPostprocessing = 0;
		};
		8AE6EE3F22D8E924005E1458 /* Resources */ = {
			isa = PBXResourcesBuildPhase;
			buildActionMask = 2147483647;
			files = (
				8AE6EE4E22D8E925005E1458 /* LaunchScreen.storyboard in Resources */,
				8AE6EE4B22D8E925005E1458 /* Assets.xcassets in Resources */,
				8AE6EE4922D8E924005E1458 /* Main.storyboard in Resources */,
			);
			runOnlyForDeploymentPostprocessing = 0;
		};
		8AE6EE5622D8EBF3005E1458 /* Resources */ = {
			isa = PBXResourcesBuildPhase;
			buildActionMask = 2147483647;
			files = (
				8AE6EE6522D8EBF4005E1458 /* LaunchScreen.storyboard in Resources */,
				8AE6EE6222D8EBF4005E1458 /* Assets.xcassets in Resources */,
				8AE6EE6022D8EBF3005E1458 /* Main.storyboard in Resources */,
			);
			runOnlyForDeploymentPostprocessing = 0;
		};
/* End PBXResourcesBuildPhase section */

/* Begin PBXSourcesBuildPhase section */
		8AE6EE2322D8CD15005E1458 /* Sources */ = {
			isa = PBXSourcesBuildPhase;
			buildActionMask = 2147483647;
			files = (
				8AE6EE2D22D8CD15005E1458 /* ViewController.swift in Sources */,
				8AE6EE2B22D8CD15005E1458 /* AppDelegate.swift in Sources */,
			);
			runOnlyForDeploymentPostprocessing = 0;
		};
		8AE6EE3D22D8E924005E1458 /* Sources */ = {
			isa = PBXSourcesBuildPhase;
			buildActionMask = 2147483647;
			files = (
				8AE6EE4622D8E924005E1458 /* ViewController.swift in Sources */,
				8AE6EE4422D8E924005E1458 /* AppDelegate.swift in Sources */,
			);
			runOnlyForDeploymentPostprocessing = 0;
		};
		8AE6EE5422D8EBF3005E1458 /* Sources */ = {
			isa = PBXSourcesBuildPhase;
			buildActionMask = 2147483647;
			files = (
				8ABE082522D9C80700418157 /* Plist.swift in Sources */,
				8ABE082122D9C63B00418157 /* CoreDataModel.xcdatamodeld in Sources */,
				8AE6EE5D22D8EBF3005E1458 /* ViewController.swift in Sources */,
				8ABE082322D9C7C800418157 /* UserDefault.swift in Sources */,
				8AE6EE5B22D8EBF3005E1458 /* AppDelegate.swift in Sources */,
				8ABE081E22D9BDEC00418157 /* User.swift in Sources */,
				8ABE082822D9C88A00418157 /* Archiver.swift in Sources */,
			);
			runOnlyForDeploymentPostprocessing = 0;
		};
/* End PBXSourcesBuildPhase section */

/* Begin PBXVariantGroup section */
		8AE6EE2E22D8CD15005E1458 /* Main.storyboard */ = {
			isa = PBXVariantGroup;
			children = (
				8AE6EE2F22D8CD15005E1458 /* Base */,
			);
			name = Main.storyboard;
			sourceTree = "<group>";
		};
		8AE6EE3322D8CD16005E1458 /* LaunchScreen.storyboard */ = {
			isa = PBXVariantGroup;
			children = (
				8AE6EE3422D8CD16005E1458 /* Base */,
			);
			name = LaunchScreen.storyboard;
			sourceTree = "<group>";
		};
		8AE6EE4722D8E924005E1458 /* Main.storyboard */ = {
			isa = PBXVariantGroup;
			children = (
				8AE6EE4822D8E924005E1458 /* Base */,
			);
			name = Main.storyboard;
			sourceTree = "<group>";
		};
		8AE6EE4C22D8E925005E1458 /* LaunchScreen.storyboard */ = {
			isa = PBXVariantGroup;
			children = (
				8AE6EE4D22D8E925005E1458 /* Base */,
			);
			name = LaunchScreen.storyboard;
			sourceTree = "<group>";
		};
		8AE6EE5E22D8EBF3005E1458 /* Main.storyboard */ = {
			isa = PBXVariantGroup;
			children = (
				8AE6EE5F22D8EBF3005E1458 /* Base */,
			);
			name = Main.storyboard;
			sourceTree = "<group>";
		};
		8AE6EE6322D8EBF4005E1458 /* LaunchScreen.storyboard */ = {
			isa = PBXVariantGroup;
			children = (
				8AE6EE6422D8EBF4005E1458 /* Base */,
			);
			name = LaunchScreen.storyboard;
			sourceTree = "<group>";
		};
/* End PBXVariantGroup section */

/* Begin XCBuildConfiguration section */
		8AE6EE3722D8CD16005E1458 /* Debug */ = {
			isa = XCBuildConfiguration;
			buildSettings = {
				ALWAYS_SEARCH_USER_PATHS = NO;
				CLANG_ANALYZER_NONNULL = YES;
				CLANG_ANALYZER_NUMBER_OBJECT_CONVERSION = YES_AGGRESSIVE;
				CLANG_CXX_LANGUAGE_STANDARD = "gnu++14";
				CLANG_CXX_LIBRARY = "libc++";
				CLANG_ENABLE_MODULES = YES;
				CLANG_ENABLE_OBJC_ARC = YES;
				CLANG_ENABLE_OBJC_WEAK = YES;
				CLANG_WARN_BLOCK_CAPTURE_AUTORELEASING = YES;
				CLANG_WARN_BOOL_CONVERSION = YES;
				CLANG_WARN_COMMA = YES;
				CLANG_WARN_CONSTANT_CONVERSION = YES;
				CLANG_WARN_DEPRECATED_OBJC_IMPLEMENTATIONS = YES;
				CLANG_WARN_DIRECT_OBJC_ISA_USAGE = YES_ERROR;
				CLANG_WARN_DOCUMENTATION_COMMENTS = YES;
				CLANG_WARN_EMPTY_BODY = YES;
				CLANG_WARN_ENUM_CONVERSION = YES;
				CLANG_WARN_INFINITE_RECURSION = YES;
				CLANG_WARN_INT_CONVERSION = YES;
				CLANG_WARN_NON_LITERAL_NULL_CONVERSION = YES;
				CLANG_WARN_OBJC_IMPLICIT_RETAIN_SELF = YES;
				CLANG_WARN_OBJC_LITERAL_CONVERSION = YES;
				CLANG_WARN_OBJC_ROOT_CLASS = YES_ERROR;
				CLANG_WARN_RANGE_LOOP_ANALYSIS = YES;
				CLANG_WARN_STRICT_PROTOTYPES = YES;
				CLANG_WARN_SUSPICIOUS_MOVE = YES;
				CLANG_WARN_UNGUARDED_AVAILABILITY = YES_AGGRESSIVE;
				CLANG_WARN_UNREACHABLE_CODE = YES;
				CLANG_WARN__DUPLICATE_METHOD_MATCH = YES;
				CODE_SIGN_IDENTITY = "iPhone Developer";
				COPY_PHASE_STRIP = NO;
				DEBUG_INFORMATION_FORMAT = dwarf;
				ENABLE_STRICT_OBJC_MSGSEND = YES;
				ENABLE_TESTABILITY = YES;
				GCC_C_LANGUAGE_STANDARD = gnu11;
				GCC_DYNAMIC_NO_PIC = NO;
				GCC_NO_COMMON_BLOCKS = YES;
				GCC_OPTIMIZATION_LEVEL = 0;
				GCC_PREPROCESSOR_DEFINITIONS = (
					"DEBUG=1",
					"$(inherited)",
				);
				GCC_WARN_64_TO_32_BIT_CONVERSION = YES;
				GCC_WARN_ABOUT_RETURN_TYPE = YES_ERROR;
				GCC_WARN_UNDECLARED_SELECTOR = YES;
				GCC_WARN_UNINITIALIZED_AUTOS = YES_AGGRESSIVE;
				GCC_WARN_UNUSED_FUNCTION = YES;
				GCC_WARN_UNUSED_VARIABLE = YES;
				IPHONEOS_DEPLOYMENT_TARGET = 12.2;
				MTL_ENABLE_DEBUG_INFO = INCLUDE_SOURCE;
				MTL_FAST_MATH = YES;
				ONLY_ACTIVE_ARCH = YES;
				SDKROOT = iphoneos;
				SWIFT_ACTIVE_COMPILATION_CONDITIONS = DEBUG;
				SWIFT_OPTIMIZATION_LEVEL = "-Onone";
			};
			name = Debug;
		};
		8AE6EE3822D8CD16005E1458 /* Release */ = {
			isa = XCBuildConfiguration;
			buildSettings = {
				ALWAYS_SEARCH_USER_PATHS = NO;
				CLANG_ANALYZER_NONNULL = YES;
				CLANG_ANALYZER_NUMBER_OBJECT_CONVERSION = YES_AGGRESSIVE;
				CLANG_CXX_LANGUAGE_STANDARD = "gnu++14";
				CLANG_CXX_LIBRARY = "libc++";
				CLANG_ENABLE_MODULES = YES;
				CLANG_ENABLE_OBJC_ARC = YES;
				CLANG_ENABLE_OBJC_WEAK = YES;
				CLANG_WARN_BLOCK_CAPTURE_AUTORELEASING = YES;
				CLANG_WARN_BOOL_CONVERSION = YES;
				CLANG_WARN_COMMA = YES;
				CLANG_WARN_CONSTANT_CONVERSION = YES;
				CLANG_WARN_DEPRECATED_OBJC_IMPLEMENTATIONS = YES;
				CLANG_WARN_DIRECT_OBJC_ISA_USAGE = YES_ERROR;
				CLANG_WARN_DOCUMENTATION_COMMENTS = YES;
				CLANG_WARN_EMPTY_BODY = YES;
				CLANG_WARN_ENUM_CONVERSION = YES;
				CLANG_WARN_INFINITE_RECURSION = YES;
				CLANG_WARN_INT_CONVERSION = YES;
				CLANG_WARN_NON_LITERAL_NULL_CONVERSION = YES;
				CLANG_WARN_OBJC_IMPLICIT_RETAIN_SELF = YES;
				CLANG_WARN_OBJC_LITERAL_CONVERSION = YES;
				CLANG_WARN_OBJC_ROOT_CLASS = YES_ERROR;
				CLANG_WARN_RANGE_LOOP_ANALYSIS = YES;
				CLANG_WARN_STRICT_PROTOTYPES = YES;
				CLANG_WARN_SUSPICIOUS_MOVE = YES;
				CLANG_WARN_UNGUARDED_AVAILABILITY = YES_AGGRESSIVE;
				CLANG_WARN_UNREACHABLE_CODE = YES;
				CLANG_WARN__DUPLICATE_METHOD_MATCH = YES;
				CODE_SIGN_IDENTITY = "iPhone Developer";
				COPY_PHASE_STRIP = NO;
				DEBUG_INFORMATION_FORMAT = "dwarf-with-dsym";
				ENABLE_NS_ASSERTIONS = NO;
				ENABLE_STRICT_OBJC_MSGSEND = YES;
				GCC_C_LANGUAGE_STANDARD = gnu11;
				GCC_NO_COMMON_BLOCKS = YES;
				GCC_WARN_64_TO_32_BIT_CONVERSION = YES;
				GCC_WARN_ABOUT_RETURN_TYPE = YES_ERROR;
				GCC_WARN_UNDECLARED_SELECTOR = YES;
				GCC_WARN_UNINITIALIZED_AUTOS = YES_AGGRESSIVE;
				GCC_WARN_UNUSED_FUNCTION = YES;
				GCC_WARN_UNUSED_VARIABLE = YES;
				IPHONEOS_DEPLOYMENT_TARGET = 12.2;
				MTL_ENABLE_DEBUG_INFO = NO;
				MTL_FAST_MATH = YES;
				SDKROOT = iphoneos;
				SWIFT_COMPILATION_MODE = wholemodule;
				SWIFT_OPTIMIZATION_LEVEL = "-O";
				VALIDATE_PRODUCT = YES;
			};
			name = Release;
		};
		8AE6EE3A22D8CD16005E1458 /* Debug */ = {
			isa = XCBuildConfiguration;
			buildSettings = {
				ASSETCATALOG_COMPILER_APPICON_NAME = AppIcon;
				CODE_SIGN_STYLE = Automatic;
				DEVELOPMENT_TEAM = "";
				INFOPLIST_FILE = "IOS-Example/Info.plist";
				IPHONEOS_DEPLOYMENT_TARGET = 9.0;
				LD_RUNPATH_SEARCH_PATHS = (
					"$(inherited)",
					"@executable_path/Frameworks",
				);
				PRODUCT_BUNDLE_IDENTIFIER = "lai.IOS-Example";
				PRODUCT_NAME = "$(TARGET_NAME)";
				SWIFT_VERSION = 5.0;
				TARGETED_DEVICE_FAMILY = "1,2";
			};
			name = Debug;
		};
		8AE6EE3B22D8CD16005E1458 /* Release */ = {
			isa = XCBuildConfiguration;
			buildSettings = {
				ASSETCATALOG_COMPILER_APPICON_NAME = AppIcon;
				CODE_SIGN_STYLE = Automatic;
				DEVELOPMENT_TEAM = "";
				INFOPLIST_FILE = "IOS-Example/Info.plist";
				IPHONEOS_DEPLOYMENT_TARGET = 9.0;
				LD_RUNPATH_SEARCH_PATHS = (
					"$(inherited)",
					"@executable_path/Frameworks",
				);
				PRODUCT_BUNDLE_IDENTIFIER = "lai.IOS-Example";
				PRODUCT_NAME = "$(TARGET_NAME)";
				SWIFT_VERSION = 5.0;
				TARGETED_DEVICE_FAMILY = "1,2";
			};
			name = Release;
		};
		8AE6EE5122D8E925005E1458 /* Debug */ = {
			isa = XCBuildConfiguration;
			buildSettings = {
				ASSETCATALOG_COMPILER_APPICON_NAME = AppIcon;
				CODE_SIGN_ENTITLEMENTS = Permission/Permission.entitlements;
				CODE_SIGN_STYLE = Automatic;
				DEVELOPMENT_TEAM = "";
				INFOPLIST_FILE = Permission/Info.plist;
				IPHONEOS_DEPLOYMENT_TARGET = 9.0;
				LD_RUNPATH_SEARCH_PATHS = (
					"$(inherited)",
					"@executable_path/Frameworks",
				);
				PRODUCT_BUNDLE_IDENTIFIER = lai.Permission;
				PRODUCT_NAME = "$(TARGET_NAME)";
				SWIFT_VERSION = 5.0;
				TARGETED_DEVICE_FAMILY = "1,2";
			};
			name = Debug;
		};
		8AE6EE5222D8E925005E1458 /* Release */ = {
			isa = XCBuildConfiguration;
			buildSettings = {
				ASSETCATALOG_COMPILER_APPICON_NAME = AppIcon;
				CODE_SIGN_ENTITLEMENTS = Permission/Permission.entitlements;
				CODE_SIGN_STYLE = Automatic;
				DEVELOPMENT_TEAM = "";
				INFOPLIST_FILE = Permission/Info.plist;
				IPHONEOS_DEPLOYMENT_TARGET = 9.0;
				LD_RUNPATH_SEARCH_PATHS = (
					"$(inherited)",
					"@executable_path/Frameworks",
				);
				PRODUCT_BUNDLE_IDENTIFIER = lai.Permission;
				PRODUCT_NAME = "$(TARGET_NAME)";
				SWIFT_VERSION = 5.0;
				TARGETED_DEVICE_FAMILY = "1,2";
			};
			name = Release;
		};
		8AE6EE6722D8EBF4005E1458 /* Debug */ = {
			isa = XCBuildConfiguration;
			buildSettings = {
				ASSETCATALOG_COMPILER_APPICON_NAME = AppIcon;
				CODE_SIGN_STYLE = Automatic;
				INFOPLIST_FILE = Persistence/Info.plist;
				IPHONEOS_DEPLOYMENT_TARGET = 9.0;
				LD_RUNPATH_SEARCH_PATHS = (
					"$(inherited)",
					"@executable_path/Frameworks",
				);
				PRODUCT_BUNDLE_IDENTIFIER = lai.Persistence;
				PRODUCT_NAME = "$(TARGET_NAME)";
				SWIFT_VERSION = 5.0;
				TARGETED_DEVICE_FAMILY = "1,2";
			};
			name = Debug;
		};
		8AE6EE6822D8EBF4005E1458 /* Release */ = {
			isa = XCBuildConfiguration;
			buildSettings = {
				ASSETCATALOG_COMPILER_APPICON_NAME = AppIcon;
				CODE_SIGN_STYLE = Automatic;
				INFOPLIST_FILE = Persistence/Info.plist;
				IPHONEOS_DEPLOYMENT_TARGET = 9.0;
				LD_RUNPATH_SEARCH_PATHS = (
					"$(inherited)",
					"@executable_path/Frameworks",
				);
				PRODUCT_BUNDLE_IDENTIFIER = lai.Persistence;
				PRODUCT_NAME = "$(TARGET_NAME)";
				SWIFT_VERSION = 5.0;
				TARGETED_DEVICE_FAMILY = "1,2";
			};
			name = Release;
		};
/* End XCBuildConfiguration section */

/* Begin XCConfigurationList section */
		8AE6EE2222D8CD15005E1458 /* Build configuration list for PBXProject "IOS-Example" */ = {
			isa = XCConfigurationList;
			buildConfigurations = (
				8AE6EE3722D8CD16005E1458 /* Debug */,
				8AE6EE3822D8CD16005E1458 /* Release */,
			);
			defaultConfigurationIsVisible = 0;
			defaultConfigurationName = Release;
		};
		8AE6EE3922D8CD16005E1458 /* Build configuration list for PBXNativeTarget "IOS-Example" */ = {
			isa = XCConfigurationList;
			buildConfigurations = (
				8AE6EE3A22D8CD16005E1458 /* Debug */,
				8AE6EE3B22D8CD16005E1458 /* Release */,
			);
			defaultConfigurationIsVisible = 0;
			defaultConfigurationName = Release;
		};
		8AE6EE5022D8E925005E1458 /* Build configuration list for PBXNativeTarget "Permission" */ = {
			isa = XCConfigurationList;
			buildConfigurations = (
				8AE6EE5122D8E925005E1458 /* Debug */,
				8AE6EE5222D8E925005E1458 /* Release */,
			);
			defaultConfigurationIsVisible = 0;
			defaultConfigurationName = Release;
		};
		8AE6EE6922D8EBF4005E1458 /* Build configuration list for PBXNativeTarget "Persistence" */ = {
			isa = XCConfigurationList;
			buildConfigurations = (
				8AE6EE6722D8EBF4005E1458 /* Debug */,
				8AE6EE6822D8EBF4005E1458 /* Release */,
			);
			defaultConfigurationIsVisible = 0;
			defaultConfigurationName = Release;
		};
/* End XCConfigurationList section */

/* Begin XCVersionGroup section */
		8ABE081F22D9C63B00418157 /* CoreDataModel.xcdatamodeld */ = {
			isa = XCVersionGroup;
			children = (
				8ABE082022D9C63B00418157 /* User.xcdatamodel */,
			);
			currentVersion = 8ABE082022D9C63B00418157 /* User.xcdatamodel */;
			path = CoreDataModel.xcdatamodeld;
			sourceTree = "<group>";
			versionGroupType = wrapper.xcdatamodel;
		};
/* End XCVersionGroup section */
	};
	rootObject = 8AE6EE1F22D8CD15005E1458 /* Project object */;
}
