// !$*UTF8*$!
{
	archiveVersion = 1;
	classes = {
	};
	objectVersion = 50;
	objects = {

/* Begin PBXBuildFile section */
		8A1FD81C231BFA0D00D39F33 /* AppDelegate.swift in Sources */ = {isa = PBXBuildFile; fileRef = 8A1FD81B231BFA0D00D39F33 /* AppDelegate.swift */; };
		8A1FD81E231BFA0D00D39F33 /* ViewController.swift in Sources */ = {isa = PBXBuildFile; fileRef = 8A1FD81D231BFA0D00D39F33 /* ViewController.swift */; };
		8A1FD821231BFA0D00D39F33 /* Main.storyboard in Resources */ = {isa = PBXBuildFile; fileRef = 8A1FD81F231BFA0D00D39F33 /* Main.storyboard */; };
		8A1FD823231BFA0D00D39F33 /* Assets.xcassets in Resources */ = {isa = PBXBuildFile; fileRef = 8A1FD822231BFA0D00D39F33 /* Assets.xcassets */; };
		8A1FD826231BFA0D00D39F33 /* LaunchScreen.storyboard in Resources */ = {isa = PBXBuildFile; fileRef = 8A1FD824231BFA0D00D39F33 /* LaunchScreen.storyboard */; };
		8A2ADAA42324B16A007839F2 /* AppDelegate.swift in Sources */ = {isa = PBXBuildFile; fileRef = 8A2ADAA32324B16A007839F2 /* AppDelegate.swift */; };
		8A2ADAA62324B16A007839F2 /* ViewController.swift in Sources */ = {isa = PBXBuildFile; fileRef = 8A2ADAA52324B16A007839F2 /* ViewController.swift */; };
		8A2ADAA92324B16A007839F2 /* Main.storyboard in Resources */ = {isa = PBXBuildFile; fileRef = 8A2ADAA72324B16A007839F2 /* Main.storyboard */; };
		8A2ADAAB2324B16B007839F2 /* Assets.xcassets in Resources */ = {isa = PBXBuildFile; fileRef = 8A2ADAAA2324B16B007839F2 /* Assets.xcassets */; };
		8A2ADAAE2324B16B007839F2 /* LaunchScreen.storyboard in Resources */ = {isa = PBXBuildFile; fileRef = 8A2ADAAC2324B16B007839F2 /* LaunchScreen.storyboard */; };
		8A2ADAB42324B17D007839F2 /* PropertyAnimator.swift in Sources */ = {isa = PBXBuildFile; fileRef = 8A2ADAB32324B17D007839F2 /* PropertyAnimator.swift */; };
		8A2ADAB62324B18E007839F2 /* AnimationFormula.swift in Sources */ = {isa = PBXBuildFile; fileRef = 8A2ADAB52324B18E007839F2 /* AnimationFormula.swift */; };
		8A3642A523CDA1660037952B /* AppDelegate.swift in Sources */ = {isa = PBXBuildFile; fileRef = 8A3642A423CDA1660037952B /* AppDelegate.swift */; };
		8A3642A923CDA1660037952B /* ViewController.swift in Sources */ = {isa = PBXBuildFile; fileRef = 8A3642A823CDA1660037952B /* ViewController.swift */; };
		8A3642AC23CDA1660037952B /* Main.storyboard in Resources */ = {isa = PBXBuildFile; fileRef = 8A3642AA23CDA1660037952B /* Main.storyboard */; };
		8A3642AE23CDA1680037952B /* Assets.xcassets in Resources */ = {isa = PBXBuildFile; fileRef = 8A3642AD23CDA1680037952B /* Assets.xcassets */; };
		8A3642B123CDA1680037952B /* LaunchScreen.storyboard in Resources */ = {isa = PBXBuildFile; fileRef = 8A3642AF23CDA1680037952B /* LaunchScreen.storyboard */; };
		8A3642B723CDA2920037952B /* MEAudioEngine.swift in Sources */ = {isa = PBXBuildFile; fileRef = 8A3642B623CDA2920037952B /* MEAudioEngine.swift */; };
		8A3642B923CDA2C40037952B /* MEAudioUnit.swift in Sources */ = {isa = PBXBuildFile; fileRef = 8A3642B823CDA2C40037952B /* MEAudioUnit.swift */; };
		8A3642BB23CDA5630037952B /* AudioUnitEffectFormat.swift in Sources */ = {isa = PBXBuildFile; fileRef = 8A3642BA23CDA5630037952B /* AudioUnitEffectFormat.swift */; };
		8A3E426A22E6B26100ADA8FC /* AppDelegate.swift in Sources */ = {isa = PBXBuildFile; fileRef = 8A3E426922E6B26100ADA8FC /* AppDelegate.swift */; };
		8A3E426C22E6B26100ADA8FC /* ViewController.swift in Sources */ = {isa = PBXBuildFile; fileRef = 8A3E426B22E6B26100ADA8FC /* ViewController.swift */; };
		8A3E426F22E6B26100ADA8FC /* Main.storyboard in Resources */ = {isa = PBXBuildFile; fileRef = 8A3E426D22E6B26100ADA8FC /* Main.storyboard */; };
		8A3E427122E6B26200ADA8FC /* Assets.xcassets in Resources */ = {isa = PBXBuildFile; fileRef = 8A3E427022E6B26200ADA8FC /* Assets.xcassets */; };
		8A3E427422E6B26200ADA8FC /* LaunchScreen.storyboard in Resources */ = {isa = PBXBuildFile; fileRef = 8A3E427222E6B26200ADA8FC /* LaunchScreen.storyboard */; };
		8A3E427A22E6B2AF00ADA8FC /* Shaders.metal in Sources */ = {isa = PBXBuildFile; fileRef = 8A3E427922E6B2AF00ADA8FC /* Shaders.metal */; };
		8A3E427C22E6CA1400ADA8FC /* MetalView.swift in Sources */ = {isa = PBXBuildFile; fileRef = 8A3E427B22E6CA1400ADA8FC /* MetalView.swift */; };
		8A3E427E22E6CDAA00ADA8FC /* GPU.swift in Sources */ = {isa = PBXBuildFile; fileRef = 8A3E427D22E6CDAA00ADA8FC /* GPU.swift */; };
		8A48B05C2331378A006DA00E /* AppDelegate.swift in Sources */ = {isa = PBXBuildFile; fileRef = 8A48B05B2331378A006DA00E /* AppDelegate.swift */; };
		8A48B05E2331378A006DA00E /* ViewController.swift in Sources */ = {isa = PBXBuildFile; fileRef = 8A48B05D2331378A006DA00E /* ViewController.swift */; };
		8A48B0612331378A006DA00E /* Main.storyboard in Resources */ = {isa = PBXBuildFile; fileRef = 8A48B05F2331378A006DA00E /* Main.storyboard */; };
		8A48B0632331378A006DA00E /* Assets.xcassets in Resources */ = {isa = PBXBuildFile; fileRef = 8A48B0622331378A006DA00E /* Assets.xcassets */; };
		8A48B0662331378A006DA00E /* LaunchScreen.storyboard in Resources */ = {isa = PBXBuildFile; fileRef = 8A48B0642331378A006DA00E /* LaunchScreen.storyboard */; };
		8A714BEE22E1DBAE004433DD /* AppDelegate.swift in Sources */ = {isa = PBXBuildFile; fileRef = 8A714BED22E1DBAE004433DD /* AppDelegate.swift */; };
		8A714BF022E1DBAE004433DD /* ViewController.swift in Sources */ = {isa = PBXBuildFile; fileRef = 8A714BEF22E1DBAE004433DD /* ViewController.swift */; };
		8A714BF322E1DBAE004433DD /* Main.storyboard in Resources */ = {isa = PBXBuildFile; fileRef = 8A714BF122E1DBAE004433DD /* Main.storyboard */; };
		8A714BF522E1DBAF004433DD /* Assets.xcassets in Resources */ = {isa = PBXBuildFile; fileRef = 8A714BF422E1DBAF004433DD /* Assets.xcassets */; };
		8A714BF822E1DBAF004433DD /* LaunchScreen.storyboard in Resources */ = {isa = PBXBuildFile; fileRef = 8A714BF622E1DBAF004433DD /* LaunchScreen.storyboard */; };
		8ABE081E22D9BDEC00418157 /* User.swift in Sources */ = {isa = PBXBuildFile; fileRef = 8ABE081D22D9BDEC00418157 /* User.swift */; };
		8ABE082122D9C63B00418157 /* CoreDataModel.xcdatamodeld in Sources */ = {isa = PBXBuildFile; fileRef = 8ABE081F22D9C63B00418157 /* CoreDataModel.xcdatamodeld */; };
		8ABE082322D9C7C800418157 /* UserDefault.swift in Sources */ = {isa = PBXBuildFile; fileRef = 8ABE082222D9C7C800418157 /* UserDefault.swift */; };
		8ABE082522D9C80700418157 /* Plist.swift in Sources */ = {isa = PBXBuildFile; fileRef = 8ABE082422D9C80700418157 /* Plist.swift */; };
		8ABE082822D9C88A00418157 /* Archiver.swift in Sources */ = {isa = PBXBuildFile; fileRef = 8ABE082722D9C88A00418157 /* Archiver.swift */; };
		8AE6EE2B22D8CD15005E1458 /* AppDelegate.swift in Sources */ = {isa = PBXBuildFile; fileRef = 8AE6EE2A22D8CD15005E1458 /* AppDelegate.swift */; };
		8AE6EE2D22D8CD15005E1458 /* ViewController.swift in Sources */ = {isa = PBXBuildFile; fileRef = 8AE6EE2C22D8CD15005E1458 /* ViewController.swift */; };
		8AE6EE3022D8CD15005E1458 /* Main.storyboard in Resources */ = {isa = PBXBuildFile; fileRef = 8AE6EE2E22D8CD15005E1458 /* Main.storyboard */; };
		8AE6EE3222D8CD16005E1458 /* Assets.xcassets in Resources */ = {isa = PBXBuildFile; fileRef = 8AE6EE3122D8CD16005E1458 /* Assets.xcassets */; };
		8AE6EE3522D8CD16005E1458 /* LaunchScreen.storyboard in Resources */ = {isa = PBXBuildFile; fileRef = 8AE6EE3322D8CD16005E1458 /* LaunchScreen.storyboard */; };
		8AE6EE4422D8E924005E1458 /* AppDelegate.swift in Sources */ = {isa = PBXBuildFile; fileRef = 8AE6EE4322D8E924005E1458 /* AppDelegate.swift */; };
		8AE6EE4622D8E924005E1458 /* ViewController.swift in Sources */ = {isa = PBXBuildFile; fileRef = 8AE6EE4522D8E924005E1458 /* ViewController.swift */; };
		8AE6EE4922D8E924005E1458 /* Main.storyboard in Resources */ = {isa = PBXBuildFile; fileRef = 8AE6EE4722D8E924005E1458 /* Main.storyboard */; };
		8AE6EE4B22D8E925005E1458 /* Assets.xcassets in Resources */ = {isa = PBXBuildFile; fileRef = 8AE6EE4A22D8E925005E1458 /* Assets.xcassets */; };
		8AE6EE4E22D8E925005E1458 /* LaunchScreen.storyboard in Resources */ = {isa = PBXBuildFile; fileRef = 8AE6EE4C22D8E925005E1458 /* LaunchScreen.storyboard */; };
		8AE6EE5B22D8EBF3005E1458 /* AppDelegate.swift in Sources */ = {isa = PBXBuildFile; fileRef = 8AE6EE5A22D8EBF3005E1458 /* AppDelegate.swift */; };
		8AE6EE5D22D8EBF3005E1458 /* ViewController.swift in Sources */ = {isa = PBXBuildFile; fileRef = 8AE6EE5C22D8EBF3005E1458 /* ViewController.swift */; };
		8AE6EE6022D8EBF3005E1458 /* Main.storyboard in Resources */ = {isa = PBXBuildFile; fileRef = 8AE6EE5E22D8EBF3005E1458 /* Main.storyboard */; };
		8AE6EE6222D8EBF4005E1458 /* Assets.xcassets in Resources */ = {isa = PBXBuildFile; fileRef = 8AE6EE6122D8EBF4005E1458 /* Assets.xcassets */; };
		8AE6EE6522D8EBF4005E1458 /* LaunchScreen.storyboard in Resources */ = {isa = PBXBuildFile; fileRef = 8AE6EE6322D8EBF4005E1458 /* LaunchScreen.storyboard */; };
/* End PBXBuildFile section */

/* Begin PBXFileReference section */
		8A1FD819231BFA0D00D39F33 /* ReorderingItemsUICollectionView.app */ = {isa = PBXFileReference; explicitFileType = wrapper.application; includeInIndex = 0; path = ReorderingItemsUICollectionView.app; sourceTree = BUILT_PRODUCTS_DIR; };
		8A1FD81B231BFA0D00D39F33 /* AppDelegate.swift */ = {isa = PBXFileReference; lastKnownFileType = sourcecode.swift; path = AppDelegate.swift; sourceTree = "<group>"; };
		8A1FD81D231BFA0D00D39F33 /* ViewController.swift */ = {isa = PBXFileReference; lastKnownFileType = sourcecode.swift; path = ViewController.swift; sourceTree = "<group>"; };
		8A1FD820231BFA0D00D39F33 /* Base */ = {isa = PBXFileReference; lastKnownFileType = file.storyboard; name = Base; path = Base.lproj/Main.storyboard; sourceTree = "<group>"; };
		8A1FD822231BFA0D00D39F33 /* Assets.xcassets */ = {isa = PBXFileReference; lastKnownFileType = folder.assetcatalog; path = Assets.xcassets; sourceTree = "<group>"; };
		8A1FD825231BFA0D00D39F33 /* Base */ = {isa = PBXFileReference; lastKnownFileType = file.storyboard; name = Base; path = Base.lproj/LaunchScreen.storyboard; sourceTree = "<group>"; };
		8A1FD827231BFA0D00D39F33 /* Info.plist */ = {isa = PBXFileReference; lastKnownFileType = text.plist.xml; path = Info.plist; sourceTree = "<group>"; };
		8A2ADAA12324B16A007839F2 /* EaseFunctions.app */ = {isa = PBXFileReference; explicitFileType = wrapper.application; includeInIndex = 0; path = EaseFunctions.app; sourceTree = BUILT_PRODUCTS_DIR; };
		8A2ADAA32324B16A007839F2 /* AppDelegate.swift */ = {isa = PBXFileReference; lastKnownFileType = sourcecode.swift; path = AppDelegate.swift; sourceTree = "<group>"; };
		8A2ADAA52324B16A007839F2 /* ViewController.swift */ = {isa = PBXFileReference; lastKnownFileType = sourcecode.swift; path = ViewController.swift; sourceTree = "<group>"; };
		8A2ADAA82324B16A007839F2 /* Base */ = {isa = PBXFileReference; lastKnownFileType = file.storyboard; name = Base; path = Base.lproj/Main.storyboard; sourceTree = "<group>"; };
		8A2ADAAA2324B16B007839F2 /* Assets.xcassets */ = {isa = PBXFileReference; lastKnownFileType = folder.assetcatalog; path = Assets.xcassets; sourceTree = "<group>"; };
		8A2ADAAD2324B16B007839F2 /* Base */ = {isa = PBXFileReference; lastKnownFileType = file.storyboard; name = Base; path = Base.lproj/LaunchScreen.storyboard; sourceTree = "<group>"; };
		8A2ADAAF2324B16B007839F2 /* Info.plist */ = {isa = PBXFileReference; lastKnownFileType = text.plist.xml; path = Info.plist; sourceTree = "<group>"; };
		8A2ADAB32324B17D007839F2 /* PropertyAnimator.swift */ = {isa = PBXFileReference; fileEncoding = 4; lastKnownFileType = sourcecode.swift; path = PropertyAnimator.swift; sourceTree = "<group>"; };
		8A2ADAB52324B18E007839F2 /* AnimationFormula.swift */ = {isa = PBXFileReference; fileEncoding = 4; lastKnownFileType = sourcecode.swift; path = AnimationFormula.swift; sourceTree = "<group>"; };
		8A3642A223CDA1660037952B /* AudioEngine.app */ = {isa = PBXFileReference; explicitFileType = wrapper.application; includeInIndex = 0; path = AudioEngine.app; sourceTree = BUILT_PRODUCTS_DIR; };
		8A3642A423CDA1660037952B /* AppDelegate.swift */ = {isa = PBXFileReference; lastKnownFileType = sourcecode.swift; path = AppDelegate.swift; sourceTree = "<group>"; };
		8A3642A823CDA1660037952B /* ViewController.swift */ = {isa = PBXFileReference; lastKnownFileType = sourcecode.swift; path = ViewController.swift; sourceTree = "<group>"; };
		8A3642AB23CDA1660037952B /* Base */ = {isa = PBXFileReference; lastKnownFileType = file.storyboard; name = Base; path = Base.lproj/Main.storyboard; sourceTree = "<group>"; };
		8A3642AD23CDA1680037952B /* Assets.xcassets */ = {isa = PBXFileReference; lastKnownFileType = folder.assetcatalog; path = Assets.xcassets; sourceTree = "<group>"; };
		8A3642B023CDA1680037952B /* Base */ = {isa = PBXFileReference; lastKnownFileType = file.storyboard; name = Base; path = Base.lproj/LaunchScreen.storyboard; sourceTree = "<group>"; };
		8A3642B223CDA1680037952B /* Info.plist */ = {isa = PBXFileReference; lastKnownFileType = text.plist.xml; path = Info.plist; sourceTree = "<group>"; };
		8A3642B623CDA2920037952B /* MEAudioEngine.swift */ = {isa = PBXFileReference; fileEncoding = 4; lastKnownFileType = sourcecode.swift; path = MEAudioEngine.swift; sourceTree = "<group>"; };
		8A3642B823CDA2C40037952B /* MEAudioUnit.swift */ = {isa = PBXFileReference; lastKnownFileType = sourcecode.swift; path = MEAudioUnit.swift; sourceTree = "<group>"; };
		8A3642BA23CDA5630037952B /* AudioUnitEffectFormat.swift */ = {isa = PBXFileReference; lastKnownFileType = sourcecode.swift; path = AudioUnitEffectFormat.swift; sourceTree = "<group>"; };
		8A3E426722E6B26100ADA8FC /* MetalDemo.app */ = {isa = PBXFileReference; explicitFileType = wrapper.application; includeInIndex = 0; path = MetalDemo.app; sourceTree = BUILT_PRODUCTS_DIR; };
		8A3E426922E6B26100ADA8FC /* AppDelegate.swift */ = {isa = PBXFileReference; lastKnownFileType = sourcecode.swift; path = AppDelegate.swift; sourceTree = "<group>"; };
		8A3E426B22E6B26100ADA8FC /* ViewController.swift */ = {isa = PBXFileReference; lastKnownFileType = sourcecode.swift; path = ViewController.swift; sourceTree = "<group>"; };
		8A3E426E22E6B26100ADA8FC /* Base */ = {isa = PBXFileReference; lastKnownFileType = file.storyboard; name = Base; path = Base.lproj/Main.storyboard; sourceTree = "<group>"; };
		8A3E427022E6B26200ADA8FC /* Assets.xcassets */ = {isa = PBXFileReference; lastKnownFileType = folder.assetcatalog; path = Assets.xcassets; sourceTree = "<group>"; };
		8A3E427322E6B26200ADA8FC /* Base */ = {isa = PBXFileReference; lastKnownFileType = file.storyboard; name = Base; path = Base.lproj/LaunchScreen.storyboard; sourceTree = "<group>"; };
		8A3E427522E6B26200ADA8FC /* Info.plist */ = {isa = PBXFileReference; lastKnownFileType = text.plist.xml; path = Info.plist; sourceTree = "<group>"; };
		8A3E427922E6B2AF00ADA8FC /* Shaders.metal */ = {isa = PBXFileReference; fileEncoding = 4; lastKnownFileType = sourcecode.metal; path = Shaders.metal; sourceTree = "<group>"; };
		8A3E427B22E6CA1400ADA8FC /* MetalView.swift */ = {isa = PBXFileReference; lastKnownFileType = sourcecode.swift; path = MetalView.swift; sourceTree = "<group>"; };
		8A3E427D22E6CDAA00ADA8FC /* GPU.swift */ = {isa = PBXFileReference; lastKnownFileType = sourcecode.swift; path = GPU.swift; sourceTree = "<group>"; };
		8A48B0592331378A006DA00E /* UserNotifications.app */ = {isa = PBXFileReference; explicitFileType = wrapper.application; includeInIndex = 0; path = UserNotifications.app; sourceTree = BUILT_PRODUCTS_DIR; };
		8A48B05B2331378A006DA00E /* AppDelegate.swift */ = {isa = PBXFileReference; lastKnownFileType = sourcecode.swift; path = AppDelegate.swift; sourceTree = "<group>"; };
		8A48B05D2331378A006DA00E /* ViewController.swift */ = {isa = PBXFileReference; lastKnownFileType = sourcecode.swift; path = ViewController.swift; sourceTree = "<group>"; };
		8A48B0602331378A006DA00E /* Base */ = {isa = PBXFileReference; lastKnownFileType = file.storyboard; name = Base; path = Base.lproj/Main.storyboard; sourceTree = "<group>"; };
		8A48B0622331378A006DA00E /* Assets.xcassets */ = {isa = PBXFileReference; lastKnownFileType = folder.assetcatalog; path = Assets.xcassets; sourceTree = "<group>"; };
		8A48B0652331378A006DA00E /* Base */ = {isa = PBXFileReference; lastKnownFileType = file.storyboard; name = Base; path = Base.lproj/LaunchScreen.storyboard; sourceTree = "<group>"; };
		8A48B0672331378A006DA00E /* Info.plist */ = {isa = PBXFileReference; lastKnownFileType = text.plist.xml; path = Info.plist; sourceTree = "<group>"; };
		8A714BEB22E1DBAE004433DD /* CameraDemo.app */ = {isa = PBXFileReference; explicitFileType = wrapper.application; includeInIndex = 0; path = CameraDemo.app; sourceTree = BUILT_PRODUCTS_DIR; };
		8A714BED22E1DBAE004433DD /* AppDelegate.swift */ = {isa = PBXFileReference; lastKnownFileType = sourcecode.swift; path = AppDelegate.swift; sourceTree = "<group>"; };
		8A714BEF22E1DBAE004433DD /* ViewController.swift */ = {isa = PBXFileReference; lastKnownFileType = sourcecode.swift; path = ViewController.swift; sourceTree = "<group>"; };
		8A714BF222E1DBAE004433DD /* Base */ = {isa = PBXFileReference; lastKnownFileType = file.storyboard; name = Base; path = Base.lproj/Main.storyboard; sourceTree = "<group>"; };
		8A714BF422E1DBAF004433DD /* Assets.xcassets */ = {isa = PBXFileReference; lastKnownFileType = folder.assetcatalog; path = Assets.xcassets; sourceTree = "<group>"; };
		8A714BF722E1DBAF004433DD /* Base */ = {isa = PBXFileReference; lastKnownFileType = file.storyboard; name = Base; path = Base.lproj/LaunchScreen.storyboard; sourceTree = "<group>"; };
		8A714BF922E1DBAF004433DD /* Info.plist */ = {isa = PBXFileReference; lastKnownFileType = text.plist.xml; path = Info.plist; sourceTree = "<group>"; };
		8ABE081D22D9BDEC00418157 /* User.swift */ = {isa = PBXFileReference; lastKnownFileType = sourcecode.swift; path = User.swift; sourceTree = "<group>"; };
		8ABE082022D9C63B00418157 /* User.xcdatamodel */ = {isa = PBXFileReference; lastKnownFileType = wrapper.xcdatamodel; path = User.xcdatamodel; sourceTree = "<group>"; };
		8ABE082222D9C7C800418157 /* UserDefault.swift */ = {isa = PBXFileReference; lastKnownFileType = sourcecode.swift; path = UserDefault.swift; sourceTree = "<group>"; };
		8ABE082422D9C80700418157 /* Plist.swift */ = {isa = PBXFileReference; lastKnownFileType = sourcecode.swift; path = Plist.swift; sourceTree = "<group>"; };
		8ABE082722D9C88A00418157 /* Archiver.swift */ = {isa = PBXFileReference; lastKnownFileType = sourcecode.swift; path = Archiver.swift; sourceTree = "<group>"; };
		8AE6EE2722D8CD15005E1458 /* IOS-Example.app */ = {isa = PBXFileReference; explicitFileType = wrapper.application; includeInIndex = 0; path = "IOS-Example.app"; sourceTree = BUILT_PRODUCTS_DIR; };
		8AE6EE2A22D8CD15005E1458 /* AppDelegate.swift */ = {isa = PBXFileReference; lastKnownFileType = sourcecode.swift; path = AppDelegate.swift; sourceTree = "<group>"; };
		8AE6EE2C22D8CD15005E1458 /* ViewController.swift */ = {isa = PBXFileReference; lastKnownFileType = sourcecode.swift; path = ViewController.swift; sourceTree = "<group>"; };
		8AE6EE2F22D8CD15005E1458 /* Base */ = {isa = PBXFileReference; lastKnownFileType = file.storyboard; name = Base; path = Base.lproj/Main.storyboard; sourceTree = "<group>"; };
		8AE6EE3122D8CD16005E1458 /* Assets.xcassets */ = {isa = PBXFileReference; lastKnownFileType = folder.assetcatalog; path = Assets.xcassets; sourceTree = "<group>"; };
		8AE6EE3422D8CD16005E1458 /* Base */ = {isa = PBXFileReference; lastKnownFileType = file.storyboard; name = Base; path = Base.lproj/LaunchScreen.storyboard; sourceTree = "<group>"; };
		8AE6EE3622D8CD16005E1458 /* Info.plist */ = {isa = PBXFileReference; lastKnownFileType = text.plist.xml; path = Info.plist; sourceTree = "<group>"; };
		8AE6EE4122D8E924005E1458 /* Permission.app */ = {isa = PBXFileReference; explicitFileType = wrapper.application; includeInIndex = 0; path = Permission.app; sourceTree = BUILT_PRODUCTS_DIR; };
		8AE6EE4322D8E924005E1458 /* AppDelegate.swift */ = {isa = PBXFileReference; lastKnownFileType = sourcecode.swift; path = AppDelegate.swift; sourceTree = "<group>"; };
		8AE6EE4522D8E924005E1458 /* ViewController.swift */ = {isa = PBXFileReference; lastKnownFileType = sourcecode.swift; path = ViewController.swift; sourceTree = "<group>"; };
		8AE6EE4822D8E924005E1458 /* Base */ = {isa = PBXFileReference; lastKnownFileType = file.storyboard; name = Base; path = Base.lproj/Main.storyboard; sourceTree = "<group>"; };
		8AE6EE4A22D8E925005E1458 /* Assets.xcassets */ = {isa = PBXFileReference; lastKnownFileType = folder.assetcatalog; path = Assets.xcassets; sourceTree = "<group>"; };
		8AE6EE4D22D8E925005E1458 /* Base */ = {isa = PBXFileReference; lastKnownFileType = file.storyboard; name = Base; path = Base.lproj/LaunchScreen.storyboard; sourceTree = "<group>"; };
		8AE6EE4F22D8E925005E1458 /* Info.plist */ = {isa = PBXFileReference; lastKnownFileType = text.plist.xml; path = Info.plist; sourceTree = "<group>"; };
		8AE6EE5322D8E9C0005E1458 /* Permission.entitlements */ = {isa = PBXFileReference; lastKnownFileType = text.plist.entitlements; path = Permission.entitlements; sourceTree = "<group>"; };
		8AE6EE5822D8EBF3005E1458 /* Persistence.app */ = {isa = PBXFileReference; explicitFileType = wrapper.application; includeInIndex = 0; path = Persistence.app; sourceTree = BUILT_PRODUCTS_DIR; };
		8AE6EE5A22D8EBF3005E1458 /* AppDelegate.swift */ = {isa = PBXFileReference; lastKnownFileType = sourcecode.swift; path = AppDelegate.swift; sourceTree = "<group>"; };
		8AE6EE5C22D8EBF3005E1458 /* ViewController.swift */ = {isa = PBXFileReference; lastKnownFileType = sourcecode.swift; path = ViewController.swift; sourceTree = "<group>"; };
		8AE6EE5F22D8EBF3005E1458 /* Base */ = {isa = PBXFileReference; lastKnownFileType = file.storyboard; name = Base; path = Base.lproj/Main.storyboard; sourceTree = "<group>"; };
		8AE6EE6122D8EBF4005E1458 /* Assets.xcassets */ = {isa = PBXFileReference; lastKnownFileType = folder.assetcatalog; path = Assets.xcassets; sourceTree = "<group>"; };
		8AE6EE6422D8EBF4005E1458 /* Base */ = {isa = PBXFileReference; lastKnownFileType = file.storyboard; name = Base; path = Base.lproj/LaunchScreen.storyboard; sourceTree = "<group>"; };
		8AE6EE6622D8EBF4005E1458 /* Info.plist */ = {isa = PBXFileReference; lastKnownFileType = text.plist.xml; path = Info.plist; sourceTree = "<group>"; };
/* End PBXFileReference section */

/* Begin PBXFrameworksBuildPhase section */
		8A1FD816231BFA0D00D39F33 /* Frameworks */ = {
			isa = PBXFrameworksBuildPhase;
			buildActionMask = 2147483647;
			files = (
			);
			runOnlyForDeploymentPostprocessing = 0;
		};
		8A2ADA9E2324B16A007839F2 /* Frameworks */ = {
			isa = PBXFrameworksBuildPhase;
			buildActionMask = 2147483647;
			files = (
			);
			runOnlyForDeploymentPostprocessing = 0;
		};
		8A36429F23CDA1660037952B /* Frameworks */ = {
			isa = PBXFrameworksBuildPhase;
			buildActionMask = 2147483647;
			files = (
			);
			runOnlyForDeploymentPostprocessing = 0;
		};
		8A3E426422E6B26100ADA8FC /* Frameworks */ = {
			isa = PBXFrameworksBuildPhase;
			buildActionMask = 2147483647;
			files = (
			);
			runOnlyForDeploymentPostprocessing = 0;
		};
		8A48B0562331378A006DA00E /* Frameworks */ = {
			isa = PBXFrameworksBuildPhase;
			buildActionMask = 2147483647;
			files = (
			);
			runOnlyForDeploymentPostprocessing = 0;
		};
		8A714BE822E1DBAE004433DD /* Frameworks */ = {
			isa = PBXFrameworksBuildPhase;
			buildActionMask = 2147483647;
			files = (
			);
			runOnlyForDeploymentPostprocessing = 0;
		};
		8AE6EE2422D8CD15005E1458 /* Frameworks */ = {
			isa = PBXFrameworksBuildPhase;
			buildActionMask = 2147483647;
			files = (
			);
			runOnlyForDeploymentPostprocessing = 0;
		};
		8AE6EE3E22D8E924005E1458 /* Frameworks */ = {
			isa = PBXFrameworksBuildPhase;
			buildActionMask = 2147483647;
			files = (
			);
			runOnlyForDeploymentPostprocessing = 0;
		};
		8AE6EE5522D8EBF3005E1458 /* Frameworks */ = {
			isa = PBXFrameworksBuildPhase;
			buildActionMask = 2147483647;
			files = (
			);
			runOnlyForDeploymentPostprocessing = 0;
		};
/* End PBXFrameworksBuildPhase section */

/* Begin PBXGroup section */
		8A1FD81A231BFA0D00D39F33 /* ReorderingItemsUICollectionView */ = {
			isa = PBXGroup;
			children = (
				8A1FD81B231BFA0D00D39F33 /* AppDelegate.swift */,
				8A1FD81D231BFA0D00D39F33 /* ViewController.swift */,
				8A1FD81F231BFA0D00D39F33 /* Main.storyboard */,
				8A1FD822231BFA0D00D39F33 /* Assets.xcassets */,
				8A1FD824231BFA0D00D39F33 /* LaunchScreen.storyboard */,
				8A1FD827231BFA0D00D39F33 /* Info.plist */,
			);
			path = ReorderingItemsUICollectionView;
			sourceTree = "<group>";
		};
		8A2ADAA22324B16A007839F2 /* EaseFunctions */ = {
			isa = PBXGroup;
			children = (
				8A2ADAA32324B16A007839F2 /* AppDelegate.swift */,
				8A2ADAA52324B16A007839F2 /* ViewController.swift */,
				8A2ADAB32324B17D007839F2 /* PropertyAnimator.swift */,
				8A2ADAB52324B18E007839F2 /* AnimationFormula.swift */,
				8A2ADAA72324B16A007839F2 /* Main.storyboard */,
				8A2ADAAA2324B16B007839F2 /* Assets.xcassets */,
				8A2ADAAC2324B16B007839F2 /* LaunchScreen.storyboard */,
				8A2ADAAF2324B16B007839F2 /* Info.plist */,
			);
			path = EaseFunctions;
			sourceTree = "<group>";
		};
		8A3642A323CDA1660037952B /* AudioEngine */ = {
			isa = PBXGroup;
			children = (
				8A3642B823CDA2C40037952B /* MEAudioUnit.swift */,
				8A3642B623CDA2920037952B /* MEAudioEngine.swift */,
				8A3642A423CDA1660037952B /* AppDelegate.swift */,
				8A3642A823CDA1660037952B /* ViewController.swift */,
				8A3642AA23CDA1660037952B /* Main.storyboard */,
				8A3642AD23CDA1680037952B /* Assets.xcassets */,
				8A3642AF23CDA1680037952B /* LaunchScreen.storyboard */,
				8A3642B223CDA1680037952B /* Info.plist */,
				8A3642BA23CDA5630037952B /* AudioUnitEffectFormat.swift */,
			);
			path = AudioEngine;
			sourceTree = "<group>";
		};
		8A3E426822E6B26100ADA8FC /* MetalDemo */ = {
			isa = PBXGroup;
			children = (
				8A3E426922E6B26100ADA8FC /* AppDelegate.swift */,
				8A3E426B22E6B26100ADA8FC /* ViewController.swift */,
				8A3E427B22E6CA1400ADA8FC /* MetalView.swift */,
				8A3E427D22E6CDAA00ADA8FC /* GPU.swift */,
				8A3E427922E6B2AF00ADA8FC /* Shaders.metal */,
				8A3E426D22E6B26100ADA8FC /* Main.storyboard */,
				8A3E427022E6B26200ADA8FC /* Assets.xcassets */,
				8A3E427222E6B26200ADA8FC /* LaunchScreen.storyboard */,
				8A3E427522E6B26200ADA8FC /* Info.plist */,
			);
			path = MetalDemo;
			sourceTree = "<group>";
		};
		8A48B05A2331378A006DA00E /* UserNotifications */ = {
			isa = PBXGroup;
			children = (
				8A48B05B2331378A006DA00E /* AppDelegate.swift */,
				8A48B05D2331378A006DA00E /* ViewController.swift */,
				8A48B05F2331378A006DA00E /* Main.storyboard */,
				8A48B0622331378A006DA00E /* Assets.xcassets */,
				8A48B0642331378A006DA00E /* LaunchScreen.storyboard */,
				8A48B0672331378A006DA00E /* Info.plist */,
			);
			path = UserNotifications;
			sourceTree = "<group>";
		};
		8A714BEC22E1DBAE004433DD /* CameraDemo */ = {
			isa = PBXGroup;
			children = (
				8A714BED22E1DBAE004433DD /* AppDelegate.swift */,
				8A714BEF22E1DBAE004433DD /* ViewController.swift */,
				8A714BF122E1DBAE004433DD /* Main.storyboard */,
				8A714BF422E1DBAF004433DD /* Assets.xcassets */,
				8A714BF622E1DBAF004433DD /* LaunchScreen.storyboard */,
				8A714BF922E1DBAF004433DD /* Info.plist */,
			);
			path = CameraDemo;
			sourceTree = "<group>";
		};
		8ABE082622D9C83E00418157 /* Example */ = {
			isa = PBXGroup;
			children = (
				8ABE082222D9C7C800418157 /* UserDefault.swift */,
				8ABE082422D9C80700418157 /* Plist.swift */,
				8ABE082722D9C88A00418157 /* Archiver.swift */,
			);
			path = Example;
			sourceTree = "<group>";
		};
		8AE6EE1E22D8CD15005E1458 = {
			isa = PBXGroup;
			children = (
				8AE6EE2922D8CD15005E1458 /* IOS-Example */,
				8AE6EE4222D8E924005E1458 /* Permission */,
				8AE6EE5922D8EBF3005E1458 /* Persistence */,
				8A714BEC22E1DBAE004433DD /* CameraDemo */,
				8A3E426822E6B26100ADA8FC /* MetalDemo */,
				8A1FD81A231BFA0D00D39F33 /* ReorderingItemsUICollectionView */,
				8A2ADAA22324B16A007839F2 /* EaseFunctions */,
				8A48B05A2331378A006DA00E /* UserNotifications */,
				8A3642A323CDA1660037952B /* AudioEngine */,
				8AE6EE2822D8CD15005E1458 /* Products */,
			);
			sourceTree = "<group>";
		};
		8AE6EE2822D8CD15005E1458 /* Products */ = {
			isa = PBXGroup;
			children = (
				8AE6EE2722D8CD15005E1458 /* IOS-Example.app */,
				8AE6EE4122D8E924005E1458 /* Permission.app */,
				8AE6EE5822D8EBF3005E1458 /* Persistence.app */,
				8A714BEB22E1DBAE004433DD /* CameraDemo.app */,
				8A3E426722E6B26100ADA8FC /* MetalDemo.app */,
				8A1FD819231BFA0D00D39F33 /* ReorderingItemsUICollectionView.app */,
				8A2ADAA12324B16A007839F2 /* EaseFunctions.app */,
				8A48B0592331378A006DA00E /* UserNotifications.app */,
				8A3642A223CDA1660037952B /* AudioEngine.app */,
			);
			name = Products;
			sourceTree = "<group>";
		};
		8AE6EE2922D8CD15005E1458 /* IOS-Example */ = {
			isa = PBXGroup;
			children = (
				8AE6EE2A22D8CD15005E1458 /* AppDelegate.swift */,
				8AE6EE2C22D8CD15005E1458 /* ViewController.swift */,
				8AE6EE2E22D8CD15005E1458 /* Main.storyboard */,
				8AE6EE3122D8CD16005E1458 /* Assets.xcassets */,
				8AE6EE3322D8CD16005E1458 /* LaunchScreen.storyboard */,
				8AE6EE3622D8CD16005E1458 /* Info.plist */,
			);
			path = "IOS-Example";
			sourceTree = "<group>";
		};
		8AE6EE4222D8E924005E1458 /* Permission */ = {
			isa = PBXGroup;
			children = (
				8AE6EE5322D8E9C0005E1458 /* Permission.entitlements */,
				8AE6EE4322D8E924005E1458 /* AppDelegate.swift */,
				8AE6EE4522D8E924005E1458 /* ViewController.swift */,
				8AE6EE4722D8E924005E1458 /* Main.storyboard */,
				8AE6EE4A22D8E925005E1458 /* Assets.xcassets */,
				8AE6EE4C22D8E925005E1458 /* LaunchScreen.storyboard */,
				8AE6EE4F22D8E925005E1458 /* Info.plist */,
			);
			path = Permission;
			sourceTree = "<group>";
		};
		8AE6EE5922D8EBF3005E1458 /* Persistence */ = {
			isa = PBXGroup;
			children = (
				8ABE082622D9C83E00418157 /* Example */,
				8AE6EE5A22D8EBF3005E1458 /* AppDelegate.swift */,
				8AE6EE5C22D8EBF3005E1458 /* ViewController.swift */,
				8AE6EE5E22D8EBF3005E1458 /* Main.storyboard */,
				8AE6EE6122D8EBF4005E1458 /* Assets.xcassets */,
				8AE6EE6322D8EBF4005E1458 /* LaunchScreen.storyboard */,
				8AE6EE6622D8EBF4005E1458 /* Info.plist */,
				8ABE081D22D9BDEC00418157 /* User.swift */,
				8ABE081F22D9C63B00418157 /* CoreDataModel.xcdatamodeld */,
			);
			path = Persistence;
			sourceTree = "<group>";
		};
/* End PBXGroup section */

/* Begin PBXNativeTarget section */
		8A1FD818231BFA0D00D39F33 /* ReorderingItemsUICollectionView */ = {
			isa = PBXNativeTarget;
			buildConfigurationList = 8A1FD82A231BFA0D00D39F33 /* Build configuration list for PBXNativeTarget "ReorderingItemsUICollectionView" */;
			buildPhases = (
				8A1FD815231BFA0D00D39F33 /* Sources */,
				8A1FD816231BFA0D00D39F33 /* Frameworks */,
				8A1FD817231BFA0D00D39F33 /* Resources */,
			);
			buildRules = (
			);
			dependencies = (
			);
			name = ReorderingItemsUICollectionView;
			productName = ReorderingItemsUICollectionView;
			productReference = 8A1FD819231BFA0D00D39F33 /* ReorderingItemsUICollectionView.app */;
			productType = "com.apple.product-type.application";
		};
		8A2ADAA02324B16A007839F2 /* EaseFunctions */ = {
			isa = PBXNativeTarget;
			buildConfigurationList = 8A2ADAB22324B16B007839F2 /* Build configuration list for PBXNativeTarget "EaseFunctions" */;
			buildPhases = (
				8A2ADA9D2324B16A007839F2 /* Sources */,
				8A2ADA9E2324B16A007839F2 /* Frameworks */,
				8A2ADA9F2324B16A007839F2 /* Resources */,
			);
			buildRules = (
			);
			dependencies = (
			);
			name = EaseFunctions;
			productName = EaseFunctions;
			productReference = 8A2ADAA12324B16A007839F2 /* EaseFunctions.app */;
			productType = "com.apple.product-type.application";
		};
		8A3642A123CDA1660037952B /* AudioEngine */ = {
			isa = PBXNativeTarget;
			buildConfigurationList = 8A3642B523CDA1680037952B /* Build configuration list for PBXNativeTarget "AudioEngine" */;
			buildPhases = (
				8A36429E23CDA1660037952B /* Sources */,
				8A36429F23CDA1660037952B /* Frameworks */,
				8A3642A023CDA1660037952B /* Resources */,
			);
			buildRules = (
			);
			dependencies = (
			);
			name = AudioEngine;
			productName = AudioEngine;
			productReference = 8A3642A223CDA1660037952B /* AudioEngine.app */;
			productType = "com.apple.product-type.application";
		};
		8A3E426622E6B26100ADA8FC /* MetalDemo */ = {
			isa = PBXNativeTarget;
			buildConfigurationList = 8A3E427822E6B26200ADA8FC /* Build configuration list for PBXNativeTarget "MetalDemo" */;
			buildPhases = (
				8A3E426322E6B26100ADA8FC /* Sources */,
				8A3E426422E6B26100ADA8FC /* Frameworks */,
				8A3E426522E6B26100ADA8FC /* Resources */,
			);
			buildRules = (
			);
			dependencies = (
			);
			name = MetalDemo;
			productName = MetalDemo;
			productReference = 8A3E426722E6B26100ADA8FC /* MetalDemo.app */;
			productType = "com.apple.product-type.application";
		};
		8A48B0582331378A006DA00E /* UserNotifications */ = {
			isa = PBXNativeTarget;
			buildConfigurationList = 8A48B06A2331378A006DA00E /* Build configuration list for PBXNativeTarget "UserNotifications" */;
			buildPhases = (
				8A48B0552331378A006DA00E /* Sources */,
				8A48B0562331378A006DA00E /* Frameworks */,
				8A48B0572331378A006DA00E /* Resources */,
			);
			buildRules = (
			);
			dependencies = (
			);
			name = UserNotifications;
			productName = UserNotifications;
			productReference = 8A48B0592331378A006DA00E /* UserNotifications.app */;
			productType = "com.apple.product-type.application";
		};
		8A714BEA22E1DBAE004433DD /* CameraDemo */ = {
			isa = PBXNativeTarget;
			buildConfigurationList = 8A714BFC22E1DBAF004433DD /* Build configuration list for PBXNativeTarget "CameraDemo" */;
			buildPhases = (
				8A714BE722E1DBAE004433DD /* Sources */,
				8A714BE822E1DBAE004433DD /* Frameworks */,
				8A714BE922E1DBAE004433DD /* Resources */,
			);
			buildRules = (
			);
			dependencies = (
			);
			name = CameraDemo;
			productName = CameraDemo;
			productReference = 8A714BEB22E1DBAE004433DD /* CameraDemo.app */;
			productType = "com.apple.product-type.application";
		};
		8AE6EE2622D8CD15005E1458 /* IOS-Example */ = {
			isa = PBXNativeTarget;
			buildConfigurationList = 8AE6EE3922D8CD16005E1458 /* Build configuration list for PBXNativeTarget "IOS-Example" */;
			buildPhases = (
				8AE6EE2322D8CD15005E1458 /* Sources */,
				8AE6EE2422D8CD15005E1458 /* Frameworks */,
				8AE6EE2522D8CD15005E1458 /* Resources */,
			);
			buildRules = (
			);
			dependencies = (
			);
			name = "IOS-Example";
			productName = "IOS-Example";
			productReference = 8AE6EE2722D8CD15005E1458 /* IOS-Example.app */;
			productType = "com.apple.product-type.application";
		};
		8AE6EE4022D8E924005E1458 /* Permission */ = {
			isa = PBXNativeTarget;
			buildConfigurationList = 8AE6EE5022D8E925005E1458 /* Build configuration list for PBXNativeTarget "Permission" */;
			buildPhases = (
				8AE6EE3D22D8E924005E1458 /* Sources */,
				8AE6EE3E22D8E924005E1458 /* Frameworks */,
				8AE6EE3F22D8E924005E1458 /* Resources */,
			);
			buildRules = (
			);
			dependencies = (
			);
			name = Permission;
			productName = Permission;
			productReference = 8AE6EE4122D8E924005E1458 /* Permission.app */;
			productType = "com.apple.product-type.application";
		};
		8AE6EE5722D8EBF3005E1458 /* Persistence */ = {
			isa = PBXNativeTarget;
			buildConfigurationList = 8AE6EE6922D8EBF4005E1458 /* Build configuration list for PBXNativeTarget "Persistence" */;
			buildPhases = (
				8AE6EE5422D8EBF3005E1458 /* Sources */,
				8AE6EE5522D8EBF3005E1458 /* Frameworks */,
				8AE6EE5622D8EBF3005E1458 /* Resources */,
			);
			buildRules = (
			);
			dependencies = (
			);
			name = Persistence;
			productName = Persistence;
			productReference = 8AE6EE5822D8EBF3005E1458 /* Persistence.app */;
			productType = "com.apple.product-type.application";
		};
/* End PBXNativeTarget section */

/* Begin PBXProject section */
		8AE6EE1F22D8CD15005E1458 /* Project object */ = {
			isa = PBXProject;
			attributes = {
				LastSwiftUpdateCheck = 1110;
				LastUpgradeCheck = 1020;
				ORGANIZATIONNAME = none;
				TargetAttributes = {
					8A1FD818231BFA0D00D39F33 = {
						CreatedOnToolsVersion = 10.2.1;
					};
					8A2ADAA02324B16A007839F2 = {
						CreatedOnToolsVersion = 10.2.1;
					};
					8A3642A123CDA1660037952B = {
						CreatedOnToolsVersion = 11.1;
					};
					8A3E426622E6B26100ADA8FC = {
						CreatedOnToolsVersion = 10.2;
					};
					8A48B0582331378A006DA00E = {
						CreatedOnToolsVersion = 10.2.1;
					};
					8A714BEA22E1DBAE004433DD = {
						CreatedOnToolsVersion = 10.2;
					};
					8AE6EE2622D8CD15005E1458 = {
						CreatedOnToolsVersion = 10.2.1;
						SystemCapabilities = {
							com.apple.Siri = {
								enabled = 0;
							};
						};
					};
					8AE6EE4022D8E924005E1458 = {
						CreatedOnToolsVersion = 10.2.1;
						SystemCapabilities = {
							com.apple.Siri = {
								enabled = 1;
							};
						};
					};
					8AE6EE5722D8EBF3005E1458 = {
						CreatedOnToolsVersion = 10.2.1;
					};
				};
			};
			buildConfigurationList = 8AE6EE2222D8CD15005E1458 /* Build configuration list for PBXProject "IOS-Example" */;
			compatibilityVersion = "Xcode 9.3";
			developmentRegion = en;
			hasScannedForEncodings = 0;
			knownRegions = (
				en,
				Base,
			);
			mainGroup = 8AE6EE1E22D8CD15005E1458;
			productRefGroup = 8AE6EE2822D8CD15005E1458 /* Products */;
			projectDirPath = "";
			projectRoot = "";
			targets = (
				8AE6EE2622D8CD15005E1458 /* IOS-Example */,
				8AE6EE4022D8E924005E1458 /* Permission */,
				8AE6EE5722D8EBF3005E1458 /* Persistence */,
				8A714BEA22E1DBAE004433DD /* CameraDemo */,
				8A3E426622E6B26100ADA8FC /* MetalDemo */,
				8A1FD818231BFA0D00D39F33 /* ReorderingItemsUICollectionView */,
				8A2ADAA02324B16A007839F2 /* EaseFunctions */,
				8A48B0582331378A006DA00E /* UserNotifications */,
				8A3642A123CDA1660037952B /* AudioEngine */,
			);
		};
/* End PBXProject section */

/* Begin PBXResourcesBuildPhase section */
		8A1FD817231BFA0D00D39F33 /* Resources */ = {
			isa = PBXResourcesBuildPhase;
			buildActionMask = 2147483647;
			files = (
				8A1FD826231BFA0D00D39F33 /* LaunchScreen.storyboard in Resources */,
				8A1FD823231BFA0D00D39F33 /* Assets.xcassets in Resources */,
				8A1FD821231BFA0D00D39F33 /* Main.storyboard in Resources */,
			);
			runOnlyForDeploymentPostprocessing = 0;
		};
		8A2ADA9F2324B16A007839F2 /* Resources */ = {
			isa = PBXResourcesBuildPhase;
			buildActionMask = 2147483647;
			files = (
				8A2ADAAE2324B16B007839F2 /* LaunchScreen.storyboard in Resources */,
				8A2ADAAB2324B16B007839F2 /* Assets.xcassets in Resources */,
				8A2ADAA92324B16A007839F2 /* Main.storyboard in Resources */,
			);
			runOnlyForDeploymentPostprocessing = 0;
		};
		8A3642A023CDA1660037952B /* Resources */ = {
			isa = PBXResourcesBuildPhase;
			buildActionMask = 2147483647;
			files = (
				8A3642B123CDA1680037952B /* LaunchScreen.storyboard in Resources */,
				8A3642AE23CDA1680037952B /* Assets.xcassets in Resources */,
				8A3642AC23CDA1660037952B /* Main.storyboard in Resources */,
			);
			runOnlyForDeploymentPostprocessing = 0;
		};
		8A3E426522E6B26100ADA8FC /* Resources */ = {
			isa = PBXResourcesBuildPhase;
			buildActionMask = 2147483647;
			files = (
				8A3E427422E6B26200ADA8FC /* LaunchScreen.storyboard in Resources */,
				8A3E427122E6B26200ADA8FC /* Assets.xcassets in Resources */,
				8A3E426F22E6B26100ADA8FC /* Main.storyboard in Resources */,
			);
			runOnlyForDeploymentPostprocessing = 0;
		};
		8A48B0572331378A006DA00E /* Resources */ = {
			isa = PBXResourcesBuildPhase;
			buildActionMask = 2147483647;
			files = (
				8A48B0662331378A006DA00E /* LaunchScreen.storyboard in Resources */,
				8A48B0632331378A006DA00E /* Assets.xcassets in Resources */,
				8A48B0612331378A006DA00E /* Main.storyboard in Resources */,
			);
			runOnlyForDeploymentPostprocessing = 0;
		};
		8A714BE922E1DBAE004433DD /* Resources */ = {
			isa = PBXResourcesBuildPhase;
			buildActionMask = 2147483647;
			files = (
				8A714BF822E1DBAF004433DD /* LaunchScreen.storyboard in Resources */,
				8A714BF522E1DBAF004433DD /* Assets.xcassets in Resources */,
				8A714BF322E1DBAE004433DD /* Main.storyboard in Resources */,
			);
			runOnlyForDeploymentPostprocessing = 0;
		};
		8AE6EE2522D8CD15005E1458 /* Resources */ = {
			isa = PBXResourcesBuildPhase;
			buildActionMask = 2147483647;
			files = (
				8AE6EE3522D8CD16005E1458 /* LaunchScreen.storyboard in Resources */,
				8AE6EE3222D8CD16005E1458 /* Assets.xcassets in Resources */,
				8AE6EE3022D8CD15005E1458 /* Main.storyboard in Resources */,
			);
			runOnlyForDeploymentPostprocessing = 0;
		};
		8AE6EE3F22D8E924005E1458 /* Resources */ = {
			isa = PBXResourcesBuildPhase;
			buildActionMask = 2147483647;
			files = (
				8AE6EE4E22D8E925005E1458 /* LaunchScreen.storyboard in Resources */,
				8AE6EE4B22D8E925005E1458 /* Assets.xcassets in Resources */,
				8AE6EE4922D8E924005E1458 /* Main.storyboard in Resources */,
			);
			runOnlyForDeploymentPostprocessing = 0;
		};
		8AE6EE5622D8EBF3005E1458 /* Resources */ = {
			isa = PBXResourcesBuildPhase;
			buildActionMask = 2147483647;
			files = (
				8AE6EE6522D8EBF4005E1458 /* LaunchScreen.storyboard in Resources */,
				8AE6EE6222D8EBF4005E1458 /* Assets.xcassets in Resources */,
				8AE6EE6022D8EBF3005E1458 /* Main.storyboard in Resources */,
			);
			runOnlyForDeploymentPostprocessing = 0;
		};
/* End PBXResourcesBuildPhase section */

/* Begin PBXSourcesBuildPhase section */
		8A1FD815231BFA0D00D39F33 /* Sources */ = {
			isa = PBXSourcesBuildPhase;
			buildActionMask = 2147483647;
			files = (
				8A1FD81E231BFA0D00D39F33 /* ViewController.swift in Sources */,
				8A1FD81C231BFA0D00D39F33 /* AppDelegate.swift in Sources */,
			);
			runOnlyForDeploymentPostprocessing = 0;
		};
		8A2ADA9D2324B16A007839F2 /* Sources */ = {
			isa = PBXSourcesBuildPhase;
			buildActionMask = 2147483647;
			files = (
				8A2ADAA62324B16A007839F2 /* ViewController.swift in Sources */,
				8A2ADAA42324B16A007839F2 /* AppDelegate.swift in Sources */,
				8A2ADAB42324B17D007839F2 /* PropertyAnimator.swift in Sources */,
				8A2ADAB62324B18E007839F2 /* AnimationFormula.swift in Sources */,
			);
			runOnlyForDeploymentPostprocessing = 0;
		};
		8A36429E23CDA1660037952B /* Sources */ = {
			isa = PBXSourcesBuildPhase;
			buildActionMask = 2147483647;
			files = (
				8A3642B923CDA2C40037952B /* MEAudioUnit.swift in Sources */,
				8A3642B723CDA2920037952B /* MEAudioEngine.swift in Sources */,
				8A3642BB23CDA5630037952B /* AudioUnitEffectFormat.swift in Sources */,
				8A3642A923CDA1660037952B /* ViewController.swift in Sources */,
				8A3642A523CDA1660037952B /* AppDelegate.swift in Sources */,
			);
			runOnlyForDeploymentPostprocessing = 0;
		};
		8A3E426322E6B26100ADA8FC /* Sources */ = {
			isa = PBXSourcesBuildPhase;
			buildActionMask = 2147483647;
			files = (
				8A3E427C22E6CA1400ADA8FC /* MetalView.swift in Sources */,
				8A3E427A22E6B2AF00ADA8FC /* Shaders.metal in Sources */,
				8A3E426C22E6B26100ADA8FC /* ViewController.swift in Sources */,
				8A3E426A22E6B26100ADA8FC /* AppDelegate.swift in Sources */,
				8A3E427E22E6CDAA00ADA8FC /* GPU.swift in Sources */,
			);
			runOnlyForDeploymentPostprocessing = 0;
		};
		8A48B0552331378A006DA00E /* Sources */ = {
			isa = PBXSourcesBuildPhase;
			buildActionMask = 2147483647;
			files = (
				8A48B05E2331378A006DA00E /* ViewController.swift in Sources */,
				8A48B05C2331378A006DA00E /* AppDelegate.swift in Sources */,
			);
			runOnlyForDeploymentPostprocessing = 0;
		};
		8A714BE722E1DBAE004433DD /* Sources */ = {
			isa = PBXSourcesBuildPhase;
			buildActionMask = 2147483647;
			files = (
				8A714BF022E1DBAE004433DD /* ViewController.swift in Sources */,
				8A714BEE22E1DBAE004433DD /* AppDelegate.swift in Sources */,
			);
			runOnlyForDeploymentPostprocessing = 0;
		};
		8AE6EE2322D8CD15005E1458 /* Sources */ = {
			isa = PBXSourcesBuildPhase;
			buildActionMask = 2147483647;
			files = (
				8AE6EE2D22D8CD15005E1458 /* ViewController.swift in Sources */,
				8AE6EE2B22D8CD15005E1458 /* AppDelegate.swift in Sources */,
			);
			runOnlyForDeploymentPostprocessing = 0;
		};
		8AE6EE3D22D8E924005E1458 /* Sources */ = {
			isa = PBXSourcesBuildPhase;
			buildActionMask = 2147483647;
			files = (
				8AE6EE4622D8E924005E1458 /* ViewController.swift in Sources */,
				8AE6EE4422D8E924005E1458 /* AppDelegate.swift in Sources */,
			);
			runOnlyForDeploymentPostprocessing = 0;
		};
		8AE6EE5422D8EBF3005E1458 /* Sources */ = {
			isa = PBXSourcesBuildPhase;
			buildActionMask = 2147483647;
			files = (
				8ABE082522D9C80700418157 /* Plist.swift in Sources */,
				8ABE082122D9C63B00418157 /* CoreDataModel.xcdatamodeld in Sources */,
				8AE6EE5D22D8EBF3005E1458 /* ViewController.swift in Sources */,
				8ABE082322D9C7C800418157 /* UserDefault.swift in Sources */,
				8AE6EE5B22D8EBF3005E1458 /* AppDelegate.swift in Sources */,
				8ABE081E22D9BDEC00418157 /* User.swift in Sources */,
				8ABE082822D9C88A00418157 /* Archiver.swift in Sources */,
			);
			runOnlyForDeploymentPostprocessing = 0;
		};
/* End PBXSourcesBuildPhase section */

/* Begin PBXVariantGroup section */
		8A1FD81F231BFA0D00D39F33 /* Main.storyboard */ = {
			isa = PBXVariantGroup;
			children = (
				8A1FD820231BFA0D00D39F33 /* Base */,
			);
			name = Main.storyboard;
			sourceTree = "<group>";
		};
		8A1FD824231BFA0D00D39F33 /* LaunchScreen.storyboard */ = {
			isa = PBXVariantGroup;
			children = (
				8A1FD825231BFA0D00D39F33 /* Base */,
			);
			name = LaunchScreen.storyboard;
			sourceTree = "<group>";
		};
		8A2ADAA72324B16A007839F2 /* Main.storyboard */ = {
			isa = PBXVariantGroup;
			children = (
				8A2ADAA82324B16A007839F2 /* Base */,
			);
			name = Main.storyboard;
			sourceTree = "<group>";
		};
		8A2ADAAC2324B16B007839F2 /* LaunchScreen.storyboard */ = {
			isa = PBXVariantGroup;
			children = (
				8A2ADAAD2324B16B007839F2 /* Base */,
			);
			name = LaunchScreen.storyboard;
			sourceTree = "<group>";
		};
		8A3642AA23CDA1660037952B /* Main.storyboard */ = {
			isa = PBXVariantGroup;
			children = (
				8A3642AB23CDA1660037952B /* Base */,
			);
			name = Main.storyboard;
			sourceTree = "<group>";
		};
		8A3642AF23CDA1680037952B /* LaunchScreen.storyboard */ = {
			isa = PBXVariantGroup;
			children = (
				8A3642B023CDA1680037952B /* Base */,
			);
			name = LaunchScreen.storyboard;
			sourceTree = "<group>";
		};
		8A3E426D22E6B26100ADA8FC /* Main.storyboard */ = {
			isa = PBXVariantGroup;
			children = (
				8A3E426E22E6B26100ADA8FC /* Base */,
			);
			name = Main.storyboard;
			sourceTree = "<group>";
		};
		8A3E427222E6B26200ADA8FC /* LaunchScreen.storyboard */ = {
			isa = PBXVariantGroup;
			children = (
				8A3E427322E6B26200ADA8FC /* Base */,
			);
			name = LaunchScreen.storyboard;
			sourceTree = "<group>";
		};
		8A48B05F2331378A006DA00E /* Main.storyboard */ = {
			isa = PBXVariantGroup;
			children = (
				8A48B0602331378A006DA00E /* Base */,
			);
			name = Main.storyboard;
			sourceTree = "<group>";
		};
		8A48B0642331378A006DA00E /* LaunchScreen.storyboard */ = {
			isa = PBXVariantGroup;
			children = (
				8A48B0652331378A006DA00E /* Base */,
			);
			name = LaunchScreen.storyboard;
			sourceTree = "<group>";
		};
		8A714BF122E1DBAE004433DD /* Main.storyboard */ = {
			isa = PBXVariantGroup;
			children = (
				8A714BF222E1DBAE004433DD /* Base */,
			);
			name = Main.storyboard;
			sourceTree = "<group>";
		};
		8A714BF622E1DBAF004433DD /* LaunchScreen.storyboard */ = {
			isa = PBXVariantGroup;
			children = (
				8A714BF722E1DBAF004433DD /* Base */,
			);
			name = LaunchScreen.storyboard;
			sourceTree = "<group>";
		};
		8AE6EE2E22D8CD15005E1458 /* Main.storyboard */ = {
			isa = PBXVariantGroup;
			children = (
				8AE6EE2F22D8CD15005E1458 /* Base */,
			);
			name = Main.storyboard;
			sourceTree = "<group>";
		};
		8AE6EE3322D8CD16005E1458 /* LaunchScreen.storyboard */ = {
			isa = PBXVariantGroup;
			children = (
				8AE6EE3422D8CD16005E1458 /* Base */,
			);
			name = LaunchScreen.storyboard;
			sourceTree = "<group>";
		};
		8AE6EE4722D8E924005E1458 /* Main.storyboard */ = {
			isa = PBXVariantGroup;
			children = (
				8AE6EE4822D8E924005E1458 /* Base */,
			);
			name = Main.storyboard;
			sourceTree = "<group>";
		};
		8AE6EE4C22D8E925005E1458 /* LaunchScreen.storyboard */ = {
			isa = PBXVariantGroup;
			children = (
				8AE6EE4D22D8E925005E1458 /* Base */,
			);
			name = LaunchScreen.storyboard;
			sourceTree = "<group>";
		};
		8AE6EE5E22D8EBF3005E1458 /* Main.storyboard */ = {
			isa = PBXVariantGroup;
			children = (
				8AE6EE5F22D8EBF3005E1458 /* Base */,
			);
			name = Main.storyboard;
			sourceTree = "<group>";
		};
		8AE6EE6322D8EBF4005E1458 /* LaunchScreen.storyboard */ = {
			isa = PBXVariantGroup;
			children = (
				8AE6EE6422D8EBF4005E1458 /* Base */,
			);
			name = LaunchScreen.storyboard;
			sourceTree = "<group>";
		};
/* End PBXVariantGroup section */

/* Begin XCBuildConfiguration section */
		8A1FD828231BFA0D00D39F33 /* Debug */ = {
			isa = XCBuildConfiguration;
			buildSettings = {
				ASSETCATALOG_COMPILER_APPICON_NAME = AppIcon;
				CODE_SIGN_STYLE = Automatic;
				INFOPLIST_FILE = ReorderingItemsUICollectionView/Info.plist;
				LD_RUNPATH_SEARCH_PATHS = (
					"$(inherited)",
					"@executable_path/Frameworks",
				);
				PRODUCT_BUNDLE_IDENTIFIER = lai.ReorderingItemsUICollectionView;
				PRODUCT_NAME = "$(TARGET_NAME)";
				SWIFT_VERSION = 5.0;
				TARGETED_DEVICE_FAMILY = "1,2";
			};
			name = Debug;
		};
		8A1FD829231BFA0D00D39F33 /* Release */ = {
			isa = XCBuildConfiguration;
			buildSettings = {
				ASSETCATALOG_COMPILER_APPICON_NAME = AppIcon;
				CODE_SIGN_STYLE = Automatic;
				INFOPLIST_FILE = ReorderingItemsUICollectionView/Info.plist;
				LD_RUNPATH_SEARCH_PATHS = (
					"$(inherited)",
					"@executable_path/Frameworks",
				);
				PRODUCT_BUNDLE_IDENTIFIER = lai.ReorderingItemsUICollectionView;
				PRODUCT_NAME = "$(TARGET_NAME)";
				SWIFT_VERSION = 5.0;
				TARGETED_DEVICE_FAMILY = "1,2";
			};
			name = Release;
		};
		8A2ADAB02324B16B007839F2 /* Debug */ = {
			isa = XCBuildConfiguration;
			buildSettings = {
				ASSETCATALOG_COMPILER_APPICON_NAME = AppIcon;
				CODE_SIGN_STYLE = Automatic;
				INFOPLIST_FILE = EaseFunctions/Info.plist;
				LD_RUNPATH_SEARCH_PATHS = (
					"$(inherited)",
					"@executable_path/Frameworks",
				);
				PRODUCT_BUNDLE_IDENTIFIER = lai.EaseFunctions;
				PRODUCT_NAME = "$(TARGET_NAME)";
				SWIFT_VERSION = 5.0;
				TARGETED_DEVICE_FAMILY = "1,2";
			};
			name = Debug;
		};
		8A2ADAB12324B16B007839F2 /* Release */ = {
			isa = XCBuildConfiguration;
			buildSettings = {
				ASSETCATALOG_COMPILER_APPICON_NAME = AppIcon;
				CODE_SIGN_STYLE = Automatic;
				INFOPLIST_FILE = EaseFunctions/Info.plist;
				LD_RUNPATH_SEARCH_PATHS = (
					"$(inherited)",
					"@executable_path/Frameworks",
				);
				PRODUCT_BUNDLE_IDENTIFIER = lai.EaseFunctions;
				PRODUCT_NAME = "$(TARGET_NAME)";
				SWIFT_VERSION = 5.0;
				TARGETED_DEVICE_FAMILY = "1,2";
			};
			name = Release;
		};
		8A3642B323CDA1680037952B /* Debug */ = {
			isa = XCBuildConfiguration;
			buildSettings = {
				ASSETCATALOG_COMPILER_APPICON_NAME = AppIcon;
				CODE_SIGN_STYLE = Automatic;
				INFOPLIST_FILE = AudioEngine/Info.plist;
				IPHONEOS_DEPLOYMENT_TARGET = 11.0;
				LD_RUNPATH_SEARCH_PATHS = (
					"$(inherited)",
					"@executable_path/Frameworks",
				);
				PRODUCT_BUNDLE_IDENTIFIER = lai.AudioEngine;
				PRODUCT_NAME = "$(TARGET_NAME)";
				SWIFT_VERSION = 5.0;
				TARGETED_DEVICE_FAMILY = "1,2";
			};
			name = Debug;
		};
		8A3642B423CDA1680037952B /* Release */ = {
			isa = XCBuildConfiguration;
			buildSettings = {
				ASSETCATALOG_COMPILER_APPICON_NAME = AppIcon;
				CODE_SIGN_STYLE = Automatic;
				INFOPLIST_FILE = AudioEngine/Info.plist;
				IPHONEOS_DEPLOYMENT_TARGET = 11.0;
				LD_RUNPATH_SEARCH_PATHS = (
					"$(inherited)",
					"@executable_path/Frameworks",
				);
				PRODUCT_BUNDLE_IDENTIFIER = lai.AudioEngine;
				PRODUCT_NAME = "$(TARGET_NAME)";
				SWIFT_VERSION = 5.0;
				TARGETED_DEVICE_FAMILY = "1,2";
			};
			name = Release;
		};
		8A3E427622E6B26200ADA8FC /* Debug */ = {
			isa = XCBuildConfiguration;
			buildSettings = {
				ASSETCATALOG_COMPILER_APPICON_NAME = AppIcon;
				CODE_SIGN_STYLE = Automatic;
				DEVELOPMENT_TEAM = Q9SCFYBQN5;
				INFOPLIST_FILE = MetalDemo/Info.plist;
				IPHONEOS_DEPLOYMENT_TARGET = 11.0;
				LD_RUNPATH_SEARCH_PATHS = (
					"$(inherited)",
					"@executable_path/Frameworks",
				);
				PRODUCT_BUNDLE_IDENTIFIER = CN.MetalDemo;
				PRODUCT_NAME = "$(TARGET_NAME)";
				SWIFT_VERSION = 5.0;
				TARGETED_DEVICE_FAMILY = "1,2";
			};
			name = Debug;
		};
		8A3E427722E6B26200ADA8FC /* Release */ = {
			isa = XCBuildConfiguration;
			buildSettings = {
				ASSETCATALOG_COMPILER_APPICON_NAME = AppIcon;
				CODE_SIGN_STYLE = Automatic;
				DEVELOPMENT_TEAM = Q9SCFYBQN5;
				INFOPLIST_FILE = MetalDemo/Info.plist;
				IPHONEOS_DEPLOYMENT_TARGET = 11.0;
				LD_RUNPATH_SEARCH_PATHS = (
					"$(inherited)",
					"@executable_path/Frameworks",
				);
				PRODUCT_BUNDLE_IDENTIFIER = CN.MetalDemo;
				PRODUCT_NAME = "$(TARGET_NAME)";
				SWIFT_VERSION = 5.0;
				TARGETED_DEVICE_FAMILY = "1,2";
			};
			name = Release;
		};
		8A48B0682331378A006DA00E /* Debug */ = {
			isa = XCBuildConfiguration;
			buildSettings = {
				ASSETCATALOG_COMPILER_APPICON_NAME = AppIcon;
				CODE_SIGN_STYLE = Automatic;
				INFOPLIST_FILE = UserNotifications/Info.plist;
				LD_RUNPATH_SEARCH_PATHS = (
					"$(inherited)",
					"@executable_path/Frameworks",
				);
				PRODUCT_BUNDLE_IDENTIFIER = lai.UserNotifications;
				PRODUCT_NAME = "$(TARGET_NAME)";
				SWIFT_VERSION = 5.0;
				TARGETED_DEVICE_FAMILY = "1,2";
			};
			name = Debug;
		};
		8A48B0692331378A006DA00E /* Release */ = {
			isa = XCBuildConfiguration;
			buildSettings = {
				ASSETCATALOG_COMPILER_APPICON_NAME = AppIcon;
				CODE_SIGN_STYLE = Automatic;
				INFOPLIST_FILE = UserNotifications/Info.plist;
				LD_RUNPATH_SEARCH_PATHS = (
					"$(inherited)",
					"@executable_path/Frameworks",
				);
				PRODUCT_BUNDLE_IDENTIFIER = lai.UserNotifications;
				PRODUCT_NAME = "$(TARGET_NAME)";
				SWIFT_VERSION = 5.0;
				TARGETED_DEVICE_FAMILY = "1,2";
			};
			name = Release;
		};
		8A714BFA22E1DBAF004433DD /* Debug */ = {
			isa = XCBuildConfiguration;
			buildSettings = {
				ASSETCATALOG_COMPILER_APPICON_NAME = AppIcon;
				CODE_SIGN_STYLE = Automatic;
				INFOPLIST_FILE = CameraDemo/Info.plist;
				LD_RUNPATH_SEARCH_PATHS = (
					"$(inherited)",
					"@executable_path/Frameworks",
				);
				PRODUCT_BUNDLE_IDENTIFIER = CN.CameraDemo;
				PRODUCT_NAME = "$(TARGET_NAME)";
				SWIFT_VERSION = 5.0;
				TARGETED_DEVICE_FAMILY = "1,2";
			};
			name = Debug;
		};
		8A714BFB22E1DBAF004433DD /* Release */ = {
			isa = XCBuildConfiguration;
			buildSettings = {
				ASSETCATALOG_COMPILER_APPICON_NAME = AppIcon;
				CODE_SIGN_STYLE = Automatic;
				INFOPLIST_FILE = CameraDemo/Info.plist;
				LD_RUNPATH_SEARCH_PATHS = (
					"$(inherited)",
					"@executable_path/Frameworks",
				);
				PRODUCT_BUNDLE_IDENTIFIER = CN.CameraDemo;
				PRODUCT_NAME = "$(TARGET_NAME)";
				SWIFT_VERSION = 5.0;
				TARGETED_DEVICE_FAMILY = "1,2";
			};
			name = Release;
		};
		8AE6EE3722D8CD16005E1458 /* Debug */ = {
			isa = XCBuildConfiguration;
			buildSettings = {
				ALWAYS_SEARCH_USER_PATHS = NO;
				CLANG_ANALYZER_NONNULL = YES;
				CLANG_ANALYZER_NUMBER_OBJECT_CONVERSION = YES_AGGRESSIVE;
				CLANG_CXX_LANGUAGE_STANDARD = "gnu++14";
				CLANG_CXX_LIBRARY = "libc++";
				CLANG_ENABLE_MODULES = YES;
				CLANG_ENABLE_OBJC_ARC = YES;
				CLANG_ENABLE_OBJC_WEAK = YES;
				CLANG_WARN_BLOCK_CAPTURE_AUTORELEASING = YES;
				CLANG_WARN_BOOL_CONVERSION = YES;
				CLANG_WARN_COMMA = YES;
				CLANG_WARN_CONSTANT_CONVERSION = YES;
				CLANG_WARN_DEPRECATED_OBJC_IMPLEMENTATIONS = YES;
				CLANG_WARN_DIRECT_OBJC_ISA_USAGE = YES_ERROR;
				CLANG_WARN_DOCUMENTATION_COMMENTS = YES;
				CLANG_WARN_EMPTY_BODY = YES;
				CLANG_WARN_ENUM_CONVERSION = YES;
				CLANG_WARN_INFINITE_RECURSION = YES;
				CLANG_WARN_INT_CONVERSION = YES;
				CLANG_WARN_NON_LITERAL_NULL_CONVERSION = YES;
				CLANG_WARN_OBJC_IMPLICIT_RETAIN_SELF = YES;
				CLANG_WARN_OBJC_LITERAL_CONVERSION = YES;
				CLANG_WARN_OBJC_ROOT_CLASS = YES_ERROR;
				CLANG_WARN_RANGE_LOOP_ANALYSIS = YES;
				CLANG_WARN_STRICT_PROTOTYPES = YES;
				CLANG_WARN_SUSPICIOUS_MOVE = YES;
				CLANG_WARN_UNGUARDED_AVAILABILITY = YES_AGGRESSIVE;
				CLANG_WARN_UNREACHABLE_CODE = YES;
				CLANG_WARN__DUPLICATE_METHOD_MATCH = YES;
				CODE_SIGN_IDENTITY = "iPhone Developer";
				COPY_PHASE_STRIP = NO;
				DEBUG_INFORMATION_FORMAT = dwarf;
				ENABLE_STRICT_OBJC_MSGSEND = YES;
				ENABLE_TESTABILITY = YES;
				GCC_C_LANGUAGE_STANDARD = gnu11;
				GCC_DYNAMIC_NO_PIC = NO;
				GCC_NO_COMMON_BLOCKS = YES;
				GCC_OPTIMIZATION_LEVEL = 0;
				GCC_PREPROCESSOR_DEFINITIONS = (
					"DEBUG=1",
					"$(inherited)",
				);
				GCC_WARN_64_TO_32_BIT_CONVERSION = YES;
				GCC_WARN_ABOUT_RETURN_TYPE = YES_ERROR;
				GCC_WARN_UNDECLARED_SELECTOR = YES;
				GCC_WARN_UNINITIALIZED_AUTOS = YES_AGGRESSIVE;
				GCC_WARN_UNUSED_FUNCTION = YES;
				GCC_WARN_UNUSED_VARIABLE = YES;
				IPHONEOS_DEPLOYMENT_TARGET = 12.2;
				MTL_ENABLE_DEBUG_INFO = INCLUDE_SOURCE;
				MTL_FAST_MATH = YES;
				ONLY_ACTIVE_ARCH = YES;
				SDKROOT = iphoneos;
				SWIFT_ACTIVE_COMPILATION_CONDITIONS = DEBUG;
				SWIFT_OPTIMIZATION_LEVEL = "-Onone";
			};
			name = Debug;
		};
		8AE6EE3822D8CD16005E1458 /* Release */ = {
			isa = XCBuildConfiguration;
			buildSettings = {
				ALWAYS_SEARCH_USER_PATHS = NO;
				CLANG_ANALYZER_NONNULL = YES;
				CLANG_ANALYZER_NUMBER_OBJECT_CONVERSION = YES_AGGRESSIVE;
				CLANG_CXX_LANGUAGE_STANDARD = "gnu++14";
				CLANG_CXX_LIBRARY = "libc++";
				CLANG_ENABLE_MODULES = YES;
				CLANG_ENABLE_OBJC_ARC = YES;
				CLANG_ENABLE_OBJC_WEAK = YES;
				CLANG_WARN_BLOCK_CAPTURE_AUTORELEASING = YES;
				CLANG_WARN_BOOL_CONVERSION = YES;
				CLANG_WARN_COMMA = YES;
				CLANG_WARN_CONSTANT_CONVERSION = YES;
				CLANG_WARN_DEPRECATED_OBJC_IMPLEMENTATIONS = YES;
				CLANG_WARN_DIRECT_OBJC_ISA_USAGE = YES_ERROR;
				CLANG_WARN_DOCUMENTATION_COMMENTS = YES;
				CLANG_WARN_EMPTY_BODY = YES;
				CLANG_WARN_ENUM_CONVERSION = YES;
				CLANG_WARN_INFINITE_RECURSION = YES;
				CLANG_WARN_INT_CONVERSION = YES;
				CLANG_WARN_NON_LITERAL_NULL_CONVERSION = YES;
				CLANG_WARN_OBJC_IMPLICIT_RETAIN_SELF = YES;
				CLANG_WARN_OBJC_LITERAL_CONVERSION = YES;
				CLANG_WARN_OBJC_ROOT_CLASS = YES_ERROR;
				CLANG_WARN_RANGE_LOOP_ANALYSIS = YES;
				CLANG_WARN_STRICT_PROTOTYPES = YES;
				CLANG_WARN_SUSPICIOUS_MOVE = YES;
				CLANG_WARN_UNGUARDED_AVAILABILITY = YES_AGGRESSIVE;
				CLANG_WARN_UNREACHABLE_CODE = YES;
				CLANG_WARN__DUPLICATE_METHOD_MATCH = YES;
				CODE_SIGN_IDENTITY = "iPhone Developer";
				COPY_PHASE_STRIP = NO;
				DEBUG_INFORMATION_FORMAT = "dwarf-with-dsym";
				ENABLE_NS_ASSERTIONS = NO;
				ENABLE_STRICT_OBJC_MSGSEND = YES;
				GCC_C_LANGUAGE_STANDARD = gnu11;
				GCC_NO_COMMON_BLOCKS = YES;
				GCC_WARN_64_TO_32_BIT_CONVERSION = YES;
				GCC_WARN_ABOUT_RETURN_TYPE = YES_ERROR;
				GCC_WARN_UNDECLARED_SELECTOR = YES;
				GCC_WARN_UNINITIALIZED_AUTOS = YES_AGGRESSIVE;
				GCC_WARN_UNUSED_FUNCTION = YES;
				GCC_WARN_UNUSED_VARIABLE = YES;
				IPHONEOS_DEPLOYMENT_TARGET = 12.2;
				MTL_ENABLE_DEBUG_INFO = NO;
				MTL_FAST_MATH = YES;
				SDKROOT = iphoneos;
				SWIFT_COMPILATION_MODE = wholemodule;
				SWIFT_OPTIMIZATION_LEVEL = "-O";
				VALIDATE_PRODUCT = YES;
			};
			name = Release;
		};
		8AE6EE3A22D8CD16005E1458 /* Debug */ = {
			isa = XCBuildConfiguration;
			buildSettings = {
				ASSETCATALOG_COMPILER_APPICON_NAME = AppIcon;
				CODE_SIGN_STYLE = Automatic;
				DEVELOPMENT_TEAM = "";
				INFOPLIST_FILE = "IOS-Example/Info.plist";
				IPHONEOS_DEPLOYMENT_TARGET = 9.0;
				LD_RUNPATH_SEARCH_PATHS = (
					"$(inherited)",
					"@executable_path/Frameworks",
				);
				PRODUCT_BUNDLE_IDENTIFIER = "lai.IOS-Example";
				PRODUCT_NAME = "$(TARGET_NAME)";
				SWIFT_VERSION = 5.0;
				TARGETED_DEVICE_FAMILY = "1,2";
			};
			name = Debug;
		};
		8AE6EE3B22D8CD16005E1458 /* Release */ = {
			isa = XCBuildConfiguration;
			buildSettings = {
				ASSETCATALOG_COMPILER_APPICON_NAME = AppIcon;
				CODE_SIGN_STYLE = Automatic;
				DEVELOPMENT_TEAM = "";
				INFOPLIST_FILE = "IOS-Example/Info.plist";
				IPHONEOS_DEPLOYMENT_TARGET = 9.0;
				LD_RUNPATH_SEARCH_PATHS = (
					"$(inherited)",
					"@executable_path/Frameworks",
				);
				PRODUCT_BUNDLE_IDENTIFIER = "lai.IOS-Example";
				PRODUCT_NAME = "$(TARGET_NAME)";
				SWIFT_VERSION = 5.0;
				TARGETED_DEVICE_FAMILY = "1,2";
			};
			name = Release;
		};
		8AE6EE5122D8E925005E1458 /* Debug */ = {
			isa = XCBuildConfiguration;
			buildSettings = {
				ASSETCATALOG_COMPILER_APPICON_NAME = AppIcon;
				CODE_SIGN_ENTITLEMENTS = Permission/Permission.entitlements;
				CODE_SIGN_STYLE = Automatic;
				DEVELOPMENT_TEAM = "";
				INFOPLIST_FILE = Permission/Info.plist;
				IPHONEOS_DEPLOYMENT_TARGET = 9.0;
				LD_RUNPATH_SEARCH_PATHS = (
					"$(inherited)",
					"@executable_path/Frameworks",
				);
				PRODUCT_BUNDLE_IDENTIFIER = lai.Permission;
				PRODUCT_NAME = "$(TARGET_NAME)";
				SWIFT_VERSION = 5.0;
				TARGETED_DEVICE_FAMILY = "1,2";
			};
			name = Debug;
		};
		8AE6EE5222D8E925005E1458 /* Release */ = {
			isa = XCBuildConfiguration;
			buildSettings = {
				ASSETCATALOG_COMPILER_APPICON_NAME = AppIcon;
				CODE_SIGN_ENTITLEMENTS = Permission/Permission.entitlements;
				CODE_SIGN_STYLE = Automatic;
				DEVELOPMENT_TEAM = "";
				INFOPLIST_FILE = Permission/Info.plist;
				IPHONEOS_DEPLOYMENT_TARGET = 9.0;
				LD_RUNPATH_SEARCH_PATHS = (
					"$(inherited)",
					"@executable_path/Frameworks",
				);
				PRODUCT_BUNDLE_IDENTIFIER = lai.Permission;
				PRODUCT_NAME = "$(TARGET_NAME)";
				SWIFT_VERSION = 5.0;
				TARGETED_DEVICE_FAMILY = "1,2";
			};
			name = Release;
		};
		8AE6EE6722D8EBF4005E1458 /* Debug */ = {
			isa = XCBuildConfiguration;
			buildSettings = {
				ASSETCATALOG_COMPILER_APPICON_NAME = AppIcon;
				CODE_SIGN_STYLE = Automatic;
				INFOPLIST_FILE = Persistence/Info.plist;
				IPHONEOS_DEPLOYMENT_TARGET = 9.0;
				LD_RUNPATH_SEARCH_PATHS = (
					"$(inherited)",
					"@executable_path/Frameworks",
				);
				PRODUCT_BUNDLE_IDENTIFIER = lai.Persistence;
				PRODUCT_NAME = "$(TARGET_NAME)";
				SWIFT_VERSION = 5.0;
				TARGETED_DEVICE_FAMILY = "1,2";
			};
			name = Debug;
		};
		8AE6EE6822D8EBF4005E1458 /* Release */ = {
			isa = XCBuildConfiguration;
			buildSettings = {
				ASSETCATALOG_COMPILER_APPICON_NAME = AppIcon;
				CODE_SIGN_STYLE = Automatic;
				INFOPLIST_FILE = Persistence/Info.plist;
				IPHONEOS_DEPLOYMENT_TARGET = 9.0;
				LD_RUNPATH_SEARCH_PATHS = (
					"$(inherited)",
					"@executable_path/Frameworks",
				);
				PRODUCT_BUNDLE_IDENTIFIER = lai.Persistence;
				PRODUCT_NAME = "$(TARGET_NAME)";
				SWIFT_VERSION = 5.0;
				TARGETED_DEVICE_FAMILY = "1,2";
			};
			name = Release;
		};
/* End XCBuildConfiguration section */

/* Begin XCConfigurationList section */
		8A1FD82A231BFA0D00D39F33 /* Build configuration list for PBXNativeTarget "ReorderingItemsUICollectionView" */ = {
			isa = XCConfigurationList;
			buildConfigurations = (
				8A1FD828231BFA0D00D39F33 /* Debug */,
				8A1FD829231BFA0D00D39F33 /* Release */,
			);
			defaultConfigurationIsVisible = 0;
			defaultConfigurationName = Release;
		};
		8A2ADAB22324B16B007839F2 /* Build configuration list for PBXNativeTarget "EaseFunctions" */ = {
			isa = XCConfigurationList;
			buildConfigurations = (
				8A2ADAB02324B16B007839F2 /* Debug */,
				8A2ADAB12324B16B007839F2 /* Release */,
			);
			defaultConfigurationIsVisible = 0;
			defaultConfigurationName = Release;
		};
		8A3642B523CDA1680037952B /* Build configuration list for PBXNativeTarget "AudioEngine" */ = {
			isa = XCConfigurationList;
			buildConfigurations = (
				8A3642B323CDA1680037952B /* Debug */,
				8A3642B423CDA1680037952B /* Release */,
			);
			defaultConfigurationIsVisible = 0;
			defaultConfigurationName = Release;
		};
		8A3E427822E6B26200ADA8FC /* Build configuration list for PBXNativeTarget "MetalDemo" */ = {
			isa = XCConfigurationList;
			buildConfigurations = (
				8A3E427622E6B26200ADA8FC /* Debug */,
				8A3E427722E6B26200ADA8FC /* Release */,
			);
			defaultConfigurationIsVisible = 0;
			defaultConfigurationName = Release;
		};
		8A48B06A2331378A006DA00E /* Build configuration list for PBXNativeTarget "UserNotifications" */ = {
			isa = XCConfigurationList;
			buildConfigurations = (
				8A48B0682331378A006DA00E /* Debug */,
				8A48B0692331378A006DA00E /* Release */,
			);
			defaultConfigurationIsVisible = 0;
			defaultConfigurationName = Release;
		};
		8A714BFC22E1DBAF004433DD /* Build configuration list for PBXNativeTarget "CameraDemo" */ = {
			isa = XCConfigurationList;
			buildConfigurations = (
				8A714BFA22E1DBAF004433DD /* Debug */,
				8A714BFB22E1DBAF004433DD /* Release */,
			);
			defaultConfigurationIsVisible = 0;
			defaultConfigurationName = Release;
		};
		8AE6EE2222D8CD15005E1458 /* Build configuration list for PBXProject "IOS-Example" */ = {
			isa = XCConfigurationList;
			buildConfigurations = (
				8AE6EE3722D8CD16005E1458 /* Debug */,
				8AE6EE3822D8CD16005E1458 /* Release */,
			);
			defaultConfigurationIsVisible = 0;
			defaultConfigurationName = Release;
		};
		8AE6EE3922D8CD16005E1458 /* Build configuration list for PBXNativeTarget "IOS-Example" */ = {
			isa = XCConfigurationList;
			buildConfigurations = (
				8AE6EE3A22D8CD16005E1458 /* Debug */,
				8AE6EE3B22D8CD16005E1458 /* Release */,
			);
			defaultConfigurationIsVisible = 0;
			defaultConfigurationName = Release;
		};
		8AE6EE5022D8E925005E1458 /* Build configuration list for PBXNativeTarget "Permission" */ = {
			isa = XCConfigurationList;
			buildConfigurations = (
				8AE6EE5122D8E925005E1458 /* Debug */,
				8AE6EE5222D8E925005E1458 /* Release */,
			);
			defaultConfigurationIsVisible = 0;
			defaultConfigurationName = Release;
		};
		8AE6EE6922D8EBF4005E1458 /* Build configuration list for PBXNativeTarget "Persistence" */ = {
			isa = XCConfigurationList;
			buildConfigurations = (
				8AE6EE6722D8EBF4005E1458 /* Debug */,
				8AE6EE6822D8EBF4005E1458 /* Release */,
			);
			defaultConfigurationIsVisible = 0;
			defaultConfigurationName = Release;
		};
/* End XCConfigurationList section */

/* Begin XCVersionGroup section */
		8ABE081F22D9C63B00418157 /* CoreDataModel.xcdatamodeld */ = {
			isa = XCVersionGroup;
			children = (
				8ABE082022D9C63B00418157 /* User.xcdatamodel */,
			);
			currentVersion = 8ABE082022D9C63B00418157 /* User.xcdatamodel */;
			path = CoreDataModel.xcdatamodeld;
			sourceTree = "<group>";
			versionGroupType = wrapper.xcdatamodel;
		};
/* End XCVersionGroup section */
	};
	rootObject = 8AE6EE1F22D8CD15005E1458 /* Project object */;
}
